<?xml version="1.0" encoding="utf-8"?>
<Project ToolsVersion="4.0" xmlns="http://schemas.microsoft.com/developer/msbuild/2003">
  <ItemGroup>
    <Filter Include="Source Files">
      <UniqueIdentifier>{4FC737F1-C7A5-4376-A066-2A32D752A2FF}</UniqueIdentifier>
      <Extensions>cpp;c;cc;cxx;def;odl;idl;hpj;bat;asm;asmx</Extensions>
    </Filter>
    <Filter Include="Header Files">
      <UniqueIdentifier>{93995380-89BD-4b04-88EB-625FBE52EBFB}</UniqueIdentifier>
      <Extensions>h;hpp;hxx;hm;inl;inc;xsd</Extensions>
    </Filter>
    <Filter Include="Resource Files">
      <UniqueIdentifier>{67DA6AB6-F800-4c08-8B7A-83BB121AAD01}</UniqueIdentifier>
      <Extensions>rc;ico;cur;bmp;dlg;rc2;rct;bin;rgs;gif;jpg;jpeg;jpe;resx;tiff;tif;png;wav</Extensions>
    </Filter>
  </ItemGroup>
  <ItemGroup>
    <ClCompile Include="AddAmbientSound.cpp">
      <Filter>Source Files</Filter>
    </ClCompile>
    <ClCompile Include="AddLight.cpp">
      <Filter>Source Files</Filter>
    </ClCompile>
    <ClCompile Include="AddSkyDome.cpp">
      <Filter>Source Files</Filter>
    </ClCompile>
    <ClCompile Include="AddStaticSound.cpp">
      <Filter>Source Files</Filter>
    </ClCompile>
    <ClCompile Include="AddWater.cpp">
      <Filter>Source Files</Filter>
    </ClCompile>
    <ClCompile Include="AudioEngine\AmbientSound.cpp">
      <Filter>Source Files</Filter>
    </ClCompile>
    <ClCompile Include="GraphicsEngine\Animation.cpp">
      <Filter>Source Files</Filter>
    </ClCompile>
    <ClCompile Include="GraphicsEngine\AviPlayer.cpp">
      <Filter>Source Files</Filter>
    </ClCompile>
    <ClCompile Include="GraphicsEngine\Base.cpp">
      <Filter>Source Files</Filter>
    </ClCompile>
    <ClCompile Include="GraphicsEngine\Bloom.cpp">
      <Filter>Source Files</Filter>
    </ClCompile>
    <ClCompile Include="GraphicsEngine\Camera.cpp">
      <Filter>Source Files</Filter>
    </ClCompile>
    <ClCompile Include="Console.cpp">
      <Filter>Source Files</Filter>
    </ClCompile>
    <ClCompile Include="CustomBitmapButton.cpp">
      <Filter>Source Files</Filter>
    </ClCompile>
    <ClCompile Include="CustomButton.cpp">
      <Filter>Source Files</Filter>
    </ClCompile>
    <ClCompile Include="GraphicsEngine\dds.cpp">
      <Filter>Source Files</Filter>
    </ClCompile>
    <ClCompile Include="Common\DecomposeMatrix.cpp">
      <Filter>Source Files</Filter>
    </ClCompile>
    <ClCompile Include="GraphicsEngine\DOF.cpp">
      <Filter>Source Files</Filter>
    </ClCompile>
    <ClCompile Include="GraphicsEngine\dxtctool.cpp">
      <Filter>Source Files</Filter>
    </ClCompile>
    <ClCompile Include="EditBloom.cpp">
      <Filter>Source Files</Filter>
    </ClCompile>
    <ClCompile Include="EditDOF.cpp">
      <Filter>Source Files</Filter>
    </ClCompile>
    <ClCompile Include="EditFog.cpp">
      <Filter>Source Files</Filter>
    </ClCompile>
    <ClCompile Include="EditLight.cpp">
      <Filter>Source Files</Filter>
    </ClCompile>
    <ClCompile Include="EditMaterial.cpp">
      <Filter>Source Files</Filter>
    </ClCompile>
    <ClCompile Include="EditOptions.cpp">
      <Filter>Source Files</Filter>
    </ClCompile>
    <ClCompile Include="EditSceneManager.cpp">
      <Filter>Source Files</Filter>
    </ClCompile>
    <ClCompile Include="EditSceneOptions.cpp">
      <Filter>Source Files</Filter>
    </ClCompile>
    <ClCompile Include="GraphicsEngine\Effect.cpp">
      <Filter>Source Files</Filter>
    </ClCompile>
    <ClCompile Include="GraphicsEngine\Fog.cpp">
      <Filter>Source Files</Filter>
    </ClCompile>
    <ClCompile Include="GeneralAmbientColor.cpp">
      <Filter>Source Files</Filter>
    </ClCompile>
    <ClCompile Include="GraphicsEngine\Geometry.cpp">
      <Filter>Source Files</Filter>
    </ClCompile>
    <ClCompile Include="GraphicsEngine\Image.cpp">
      <Filter>Source Files</Filter>
    </ClCompile>
    <ClCompile Include="InputEngine\Input.cpp">
      <Filter>Source Files</Filter>
    </ClCompile>
    <ClCompile Include="GraphicsEngine\Light.cpp">
      <Filter>Source Files</Filter>
    </ClCompile>
    <ClCompile Include="GraphicsEngine\LightModel.cpp">
      <Filter>Source Files</Filter>
    </ClCompile>
    <ClCompile Include="sceneManagerEngine\LOD.cpp">
      <Filter>Source Files</Filter>
    </ClCompile>
    <ClCompile Include="GraphicsEngine\Material.cpp">
      <Filter>Source Files</Filter>
    </ClCompile>
    <ClCompile Include="GraphicsEngine\Matrix.cpp">
      <Filter>Source Files</Filter>
    </ClCompile>
    <ClCompile Include="MouseTranslationController.cpp">
      <Filter>Source Files</Filter>
    </ClCompile>
    <ClCompile Include="GraphicsEngine\Node.cpp">
      <Filter>Source Files</Filter>
    </ClCompile>
    <ClCompile Include="physXEngine\Nx.cpp">
      <Filter>Source Files</Filter>
    </ClCompile>
    <ClCompile Include="physXEngine\NxDebugRenderer.cpp">
      <Filter>Source Files</Filter>
    </ClCompile>
    <ClCompile Include="physXEngine\NXU_Asc2Bin.cpp">
      <Filter>Source Files</Filter>
    </ClCompile>
    <ClCompile Include="physXEngine\NXU_ColladaExport.cpp">
      <Filter>Source Files</Filter>
    </ClCompile>
    <ClCompile Include="physXEngine\NXU_ColladaImport.cpp">
      <Filter>Source Files</Filter>
    </ClCompile>
    <ClCompile Include="physXEngine\NXU_cooking.cpp">
      <Filter>Source Files</Filter>
    </ClCompile>
    <ClCompile Include="physXEngine\NXU_customcopy.cpp">
      <Filter>Source Files</Filter>
    </ClCompile>
    <ClCompile Include="physXEngine\NXU_File.cpp">
      <Filter>Source Files</Filter>
    </ClCompile>
    <ClCompile Include="physXEngine\NXU_Geometry.cpp">
      <Filter>Source Files</Filter>
    </ClCompile>
    <ClCompile Include="physXEngine\NXU_GraphicsMesh.cpp">
      <Filter>Source Files</Filter>
    </ClCompile>
    <ClCompile Include="physXEngine\NXU_helper.cpp">
      <Filter>Source Files</Filter>
    </ClCompile>
    <ClCompile Include="physXEngine\NXU_hull.cpp">
      <Filter>Source Files</Filter>
    </ClCompile>
    <ClCompile Include="physXEngine\NXU_PhysicsExport.cpp">
      <Filter>Source Files</Filter>
    </ClCompile>
    <ClCompile Include="physXEngine\NXU_PhysicsInstantiator.cpp">
      <Filter>Source Files</Filter>
    </ClCompile>
    <ClCompile Include="physXEngine\NXU_ScaledCopy.cpp">
      <Filter>Source Files</Filter>
    </ClCompile>
    <ClCompile Include="physXEngine\NXU_schema.cpp">
      <Filter>Source Files</Filter>
    </ClCompile>
    <ClCompile Include="physXEngine\NXU_SchemaStream.cpp">
      <Filter>Source Files</Filter>
    </ClCompile>
    <ClCompile Include="physXEngine\NXU_Streaming.cpp">
      <Filter>Source Files</Filter>
    </ClCompile>
    <ClCompile Include="physXEngine\NXU_string.cpp">
      <Filter>Source Files</Filter>
    </ClCompile>
    <ClCompile Include="physXEngine\NXU_tinystr.cpp">
      <Filter>Source Files</Filter>
    </ClCompile>
    <ClCompile Include="physXEngine\NXU_tinyxml.cpp">
      <Filter>Source Files</Filter>
    </ClCompile>
    <ClCompile Include="physXEngine\NXU_tinyxmlerror.cpp">
      <Filter>Source Files</Filter>
    </ClCompile>
    <ClCompile Include="physXEngine\NXU_tinyxmlparser.cpp">
      <Filter>Source Files</Filter>
    </ClCompile>
    <ClCompile Include="sceneManagerEngine\Octree.cpp">
      <Filter>Source Files</Filter>
    </ClCompile>
    <ClCompile Include="AudioEngine\OpenALSoundBuffer.cpp">
      <Filter>Source Files</Filter>
    </ClCompile>
    <ClCompile Include="AudioEngine\OpenALSoundSource.cpp">
      <Filter>Source Files</Filter>
    </ClCompile>
    <ClCompile Include="AudioEngine\OpenALSystem.cpp">
      <Filter>Source Files</Filter>
    </ClCompile>
    <ClCompile Include="GraphicsEngine\OpenGLMaterial.cpp">
      <Filter>Source Files</Filter>
    </ClCompile>
    <ClCompile Include="GraphicsEngine\OpenGLMatrix.cpp">
      <Filter>Source Files</Filter>
    </ClCompile>
    <ClCompile Include="GraphicsEngine\OpenGLUtility.cpp">
      <Filter>Source Files</Filter>
    </ClCompile>
    <ClCompile Include="GraphicsEngine\Orient.cpp">
      <Filter>Source Files</Filter>
    </ClCompile>
    <ClCompile Include="GraphicsEngine\PerspectiveWindow.cpp">
      <Filter>Source Files</Filter>
    </ClCompile>
    <ClCompile Include="PhysX.cpp">
      <Filter>Source Files</Filter>
    </ClCompile>
    <ClCompile Include="Common\Point.cpp">
      <Filter>Source Files</Filter>
    </ClCompile>
    <ClCompile Include="PublishProject.cpp">
      <Filter>Source Files</Filter>
    </ClCompile>
    <ClCompile Include="GraphicsEngine\Render.cpp">
      <Filter>Source Files</Filter>
    </ClCompile>
    <ClCompile Include="GraphicsEngine\Scene.cpp">
      <Filter>Source Files</Filter>
    </ClCompile>
    <ClCompile Include="SceneBanner.cpp">
      <Filter>Source Files</Filter>
    </ClCompile>
    <ClCompile Include="SceneProperties.cpp">
      <Filter>Source Files</Filter>
    </ClCompile>
    <ClCompile Include="GraphicsEngine\SceneRead.cpp">
      <Filter>Source Files</Filter>
    </ClCompile>
    <ClCompile Include="SelectCamera.cpp">
      <Filter>Source Files</Filter>
    </ClCompile>
    <ClCompile Include="ShadowDialog.cpp">
      <Filter>Source Files</Filter>
    </ClCompile>
    <ClCompile Include="GraphicsEngine\ShadowMap.cpp">
      <Filter>Source Files</Filter>
    </ClCompile>
    <ClCompile Include="GraphicsEngine\SimpleFont.cpp">
      <Filter>Source Files</Filter>
    </ClCompile>
    <ClCompile Include="GraphicsEngine\skin.cpp">
      <Filter>Source Files</Filter>
    </ClCompile>
    <ClCompile Include="GraphicsEngine\Sky.cpp">
      <Filter>Source Files</Filter>
    </ClCompile>
    <ClCompile Include="AudioEngine\StaticSound.cpp">
      <Filter>Source Files</Filter>
    </ClCompile>
    <ClCompile Include="stdafx.cpp">
      <Filter>Source Files</Filter>
    </ClCompile>
    <ClCompile Include="physXEngine\Stream.cpp">
      <Filter>Source Files</Filter>
    </ClCompile>
    <ClCompile Include="GraphicsEngine\targa.cpp">
      <Filter>Source Files</Filter>
    </ClCompile>
    <ClCompile Include="GraphicsEngine\Texture.cpp">
      <Filter>Source Files</Filter>
    </ClCompile>
    <ClCompile Include="TimerEngine\Timer.cpp">
      <Filter>Source Files</Filter>
    </ClCompile>
    <ClCompile Include="GraphicsEngine\Transform.cpp">
      <Filter>Source Files</Filter>
    </ClCompile>
    <ClCompile Include="physXEngine\UserAllocator.cpp">
      <Filter>Source Files</Filter>
    </ClCompile>
    <ClCompile Include="VandaEngine1.cpp">
      <Filter>Source Files</Filter>
    </ClCompile>
    <ClCompile Include="VandaEngine1Dlg.cpp">
      <Filter>Source Files</Filter>
    </ClCompile>
    <ClCompile Include="Common\Vector.cpp">
      <Filter>Source Files</Filter>
    </ClCompile>
    <ClCompile Include="GraphicsEngine\Water.cpp">
      <Filter>Source Files</Filter>
    </ClCompile>
    <ClCompile Include="WaterAttachment.cpp">
      <Filter>Source Files</Filter>
    </ClCompile>
    <ClCompile Include="WelcomeDialog.cpp">
      <Filter>Source Files</Filter>
    </ClCompile>
    <ClCompile Include="EditPhysX.cpp">
      <Filter>Source Files</Filter>
    </ClCompile>
    <ClCompile Include="EditGeneralPhysXProperties.cpp">
      <Filter>Source Files</Filter>
    </ClCompile>
    <ClCompile Include="Common\HyperLink.cpp">
      <Filter>Source Files</Filter>
    </ClCompile>
    <ClCompile Include="EditProjectProperties.cpp">
      <Filter>Source Files</Filter>
    </ClCompile>
    <ClCompile Include="SetCurrentProject.cpp">
      <Filter>Source Files</Filter>
    </ClCompile>
    <ClCompile Include="PrefabDlg.cpp">
      <Filter>Source Files</Filter>
    </ClCompile>
    <ClCompile Include="SavePrefabDlg.cpp">
      <Filter>Source Files</Filter>
    </ClCompile>
    <ClCompile Include="Common\Prefab.cpp">
      <Filter>Source Files</Filter>
    </ClCompile>
    <ClCompile Include="PrefabNameDlg.cpp">
      <Filter>Source Files</Filter>
    </ClCompile>
    <ClCompile Include="EditCurrentSceneOptions.cpp">
      <Filter>Source Files</Filter>
    </ClCompile>
    <ClCompile Include="EditProjectVScenes.cpp">
      <Filter>Source Files</Filter>
    </ClCompile>
    <ClCompile Include="EditVSceneName.cpp">
      <Filter>Source Files</Filter>
    </ClCompile>
    <ClCompile Include="AddTrigger.cpp">
      <Filter>Source Files</Filter>
    </ClCompile>
    <ClCompile Include="physXEngine\Trigger.cpp">
      <Filter>Source Files</Filter>
    </ClCompile>
    <ClCompile Include="AddMultipleAnimations.cpp">
      <Filter>Source Files</Filter>
    </ClCompile>
    <ClCompile Include="PleaseWait.cpp">
      <Filter>Source Files</Filter>
    </ClCompile>
    <ClCompile Include="AddMainCharacter.cpp">
      <Filter>Source Files</Filter>
    </ClCompile>
    <ClCompile Include="physXEngine\MainCharacter.cpp">
      <Filter>Source Files</Filter>
    </ClCompile>
    <ClCompile Include="SelectAnimationClips.cpp">
      <Filter>Source Files</Filter>
    </ClCompile>
    <ClCompile Include="SaveLoadCharacterProfile.cpp">
      <Filter>Source Files</Filter>
    </ClCompile>
    <ClCompile Include="MainCharacterProperties.cpp">
      <Filter>Source Files</Filter>
    </ClCompile>
    <ClCompile Include="AddCharacterSound.cpp">
      <Filter>Source Files</Filter>
    </ClCompile>
    <ClCompile Include="AddGUIButton.cpp">
      <Filter>Source Files</Filter>
    </ClCompile>
    <ClCompile Include="AddGUIBackground.cpp">
      <Filter>Source Files</Filter>
    </ClCompile>
    <ClCompile Include="AddGUIText.cpp">
      <Filter>Source Files</Filter>
    </ClCompile>
    <ClCompile Include="GUIEngine\GUIButton.cpp">
      <Filter>Source Files</Filter>
    </ClCompile>
    <ClCompile Include="GUIEngine\GUIBackground.cpp">
      <Filter>Source Files</Filter>
    </ClCompile>
    <ClCompile Include="GUIEngine\GUIText.cpp">
      <Filter>Source Files</Filter>
    </ClCompile>
    <ClCompile Include="SaveGUIDlg.cpp">
      <Filter>Source Files</Filter>
    </ClCompile>
    <ClCompile Include="GUINameDlg.cpp">
      <Filter>Source Files</Filter>
    </ClCompile>
    <ClCompile Include="GUIDlg.cpp">
      <Filter>Source Files</Filter>
    </ClCompile>
    <ClCompile Include="GUIEngine\GUI.cpp">
      <Filter>Source Files</Filter>
    </ClCompile>
    <ClCompile Include="AddResource.cpp">
      <Filter>Source Files</Filter>
    </ClCompile>
    <ClCompile Include="AddNewDirectory.cpp">
      <Filter>Source Files</Filter>
    </ClCompile>
    <ClCompile Include="ScriptEditor.cpp">
      <Filter>Source Files</Filter>
    </ClCompile>
    <ClCompile Include="AddStartupObject.cpp">
      <Filter>Source Files</Filter>
    </ClCompile>
    <ClCompile Include="Common\Startup.cpp">
      <Filter>Source Files</Filter>
    </ClCompile>
    <ClCompile Include="ResourceFile.cpp">
      <Filter>Source Files</Filter>
    </ClCompile>
    <ClCompile Include="Icon.cpp">
      <Filter>Source Files</Filter>
    </ClCompile>
    <ClCompile Include="EditLOD.cpp">
      <Filter>Source Files</Filter>
    </ClCompile>
    <ClCompile Include="EditCamera.cpp">
      <Filter>Source Files</Filter>
    </ClCompile>
    <ClCompile Include="GraphicsEngine\CHeightClass.cpp">
      <Filter>Source Files</Filter>
    </ClCompile>
    <ClCompile Include="GraphicsEngine\CTerrainTexture.cpp">
      <Filter>Source Files</Filter>
    </ClCompile>
    <ClCompile Include="GraphicsEngine\CTerrainVBOCull.cpp">
      <Filter>Source Files</Filter>
    </ClCompile>
    <ClCompile Include="AddTerrain.cpp">
      <Filter>Source Files</Filter>
    </ClCompile>
    <ClCompile Include="GraphicsEngine\terrain.cpp">
      <Filter>Source Files</Filter>
    </ClCompile>
    <ClCompile Include="VsceneMenuCursor.cpp">
      <Filter>Source Files</Filter>
    </ClCompile>
    <ClCompile Include="AddEngineCamera.cpp">
      <Filter>Source Files</Filter>
    </ClCompile>
    <ClCompile Include="ScriptEngine\KeyboadAndMouseScript.cpp">
      <Filter>Source Files</Filter>
    </ClCompile>
    <ClCompile Include="BackupAllProjects.cpp">
      <Filter>Source Files</Filter>
    </ClCompile>
    <ClCompile Include="ScriptUtility.cpp">
      <Filter>Source Files</Filter>
    </ClCompile>
    <ClCompile Include="ScriptUtilityPrefabInstances.cpp">
      <Filter>Source Files</Filter>
    </ClCompile>
    <ClCompile Include="ScriptUtilityImportedCameras.cpp">
      <Filter>Source Files</Filter>
    </ClCompile>
    <ClCompile Include="ScriptUtilityGameObjects.cpp">
      <Filter>Source Files</Filter>
    </ClCompile>
    <ClCompile Include="ScriptUtilityGUIs.cpp">
      <Filter>Source Files</Filter>
    </ClCompile>
    <ClCompile Include="ScriptUtilityResources.cpp">
      <Filter>Source Files</Filter>
    </ClCompile>
    <ClCompile Include="ScriptEditorAddEvent.cpp">
      <Filter>Source Files</Filter>
    </ClCompile>
    <ClCompile Include="CustomRichEditCtrl.cpp">
      <Filter>Source Files</Filter>
    </ClCompile>
    <ClCompile Include="ScriptEditorAddFunction.cpp">
      <Filter>Source Files</Filter>
    </ClCompile>
    <ClCompile Include="DeleteProject.cpp">
      <Filter>Source Files</Filter>
    </ClCompile>
    <ClCompile Include="EditPrefab.cpp">
      <Filter>Source Files</Filter>
    </ClCompile>
    <ClCompile Include="EditGUI.cpp">
      <Filter>Source Files</Filter>
    </ClCompile>
  </ItemGroup>
  <ItemGroup>
    <ClInclude Include="AddAmbientSound.h">
      <Filter>Header Files</Filter>
    </ClInclude>
    <ClInclude Include="AddLight.h">
      <Filter>Header Files</Filter>
    </ClInclude>
    <ClInclude Include="AddSkyDome.h">
      <Filter>Header Files</Filter>
    </ClInclude>
    <ClInclude Include="AddStaticSound.h">
      <Filter>Header Files</Filter>
    </ClInclude>
    <ClInclude Include="AddWater.h">
      <Filter>Header Files</Filter>
    </ClInclude>
    <ClInclude Include="AudioEngine\AmbientSound.h">
      <Filter>Header Files</Filter>
    </ClInclude>
    <ClInclude Include="GraphicsEngine\Animation.h">
      <Filter>Header Files</Filter>
    </ClInclude>
    <ClInclude Include="GraphicsEngine\Aviplayer.h">
      <Filter>Header Files</Filter>
    </ClInclude>
    <ClInclude Include="GraphicsEngine\Base.h">
      <Filter>Header Files</Filter>
    </ClInclude>
    <ClInclude Include="GraphicsEngine\Bloom.h">
      <Filter>Header Files</Filter>
    </ClInclude>
    <ClInclude Include="GraphicsEngine\Camera.h">
      <Filter>Header Files</Filter>
    </ClInclude>
    <ClInclude Include="GraphicsEngine\Cg.h">
      <Filter>Header Files</Filter>
    </ClInclude>
    <ClInclude Include="Common\utf8\checked.h">
      <Filter>Header Files</Filter>
    </ClInclude>
    <ClInclude Include="Console.h">
      <Filter>Header Files</Filter>
    </ClInclude>
    <ClInclude Include="Common\utf8\core.h">
      <Filter>Header Files</Filter>
    </ClInclude>
    <ClInclude Include="CustomBitmapButton.h">
      <Filter>Header Files</Filter>
    </ClInclude>
    <ClInclude Include="CustomButton.h">
      <Filter>Header Files</Filter>
    </ClInclude>
    <ClInclude Include="GraphicsEngine\dds.h">
      <Filter>Header Files</Filter>
    </ClInclude>
    <ClInclude Include="Common\DecomposeMatrix.h">
      <Filter>Header Files</Filter>
    </ClInclude>
    <ClInclude Include="Common\Defines.h">
      <Filter>Header Files</Filter>
    </ClInclude>
    <ClInclude Include="GraphicsEngine\DOF.h">
      <Filter>Header Files</Filter>
    </ClInclude>
    <ClInclude Include="GraphicsEngine\dxtctool.h">
      <Filter>Header Files</Filter>
    </ClInclude>
    <ClInclude Include="EditBloom.h">
      <Filter>Header Files</Filter>
    </ClInclude>
    <ClInclude Include="EditDOF.h">
      <Filter>Header Files</Filter>
    </ClInclude>
    <ClInclude Include="EditFog.h">
      <Filter>Header Files</Filter>
    </ClInclude>
    <ClInclude Include="EditLight.h">
      <Filter>Header Files</Filter>
    </ClInclude>
    <ClInclude Include="EditMaterial.h">
      <Filter>Header Files</Filter>
    </ClInclude>
    <ClInclude Include="EditOptions.h">
      <Filter>Header Files</Filter>
    </ClInclude>
    <ClInclude Include="EditSceneManager.h">
      <Filter>Header Files</Filter>
    </ClInclude>
    <ClInclude Include="EditSceneOptions.h">
      <Filter>Header Files</Filter>
    </ClInclude>
    <ClInclude Include="GraphicsEngine\Effect.h">
      <Filter>Header Files</Filter>
    </ClInclude>
    <ClInclude Include="GraphicsEngine\Fog.h">
      <Filter>Header Files</Filter>
    </ClInclude>
    <ClInclude Include="GeneralAmbientColor.h">
      <Filter>Header Files</Filter>
    </ClInclude>
    <ClInclude Include="GraphicsEngine\Geometry.h">
      <Filter>Header Files</Filter>
    </ClInclude>
    <ClInclude Include="GraphicsEngine\Image.h">
      <Filter>Header Files</Filter>
    </ClInclude>
    <ClInclude Include="GraphicsEngine\imageLib.h">
      <Filter>Header Files</Filter>
    </ClInclude>
    <ClInclude Include="InputEngine\Input.h">
      <Filter>Header Files</Filter>
    </ClInclude>
    <ClInclude Include="GraphicsEngine\Light.h">
      <Filter>Header Files</Filter>
    </ClInclude>
    <ClInclude Include="GraphicsEngine\LightModel.h">
      <Filter>Header Files</Filter>
    </ClInclude>
    <ClInclude Include="Common\list.h">
      <Filter>Header Files</Filter>
    </ClInclude>
    <ClInclude Include="sceneManagerEngine\LOD.h">
      <Filter>Header Files</Filter>
    </ClInclude>
    <ClInclude Include="GraphicsEngine\Material.h">
      <Filter>Header Files</Filter>
    </ClInclude>
    <ClInclude Include="GraphicsEngine\Matrix.h">
      <Filter>Header Files</Filter>
    </ClInclude>
    <ClInclude Include="Common\minizip.h">
      <Filter>Header Files</Filter>
    </ClInclude>
    <ClInclude Include="MouseTranslationController.h">
      <Filter>Header Files</Filter>
    </ClInclude>
    <ClInclude Include="GraphicsEngine\Node.h">
      <Filter>Header Files</Filter>
    </ClInclude>
    <ClInclude Include="physXEngine\Nx.h">
      <Filter>Header Files</Filter>
    </ClInclude>
    <ClInclude Include="physXEngine\NxDebugRenderer.h">
      <Filter>Header Files</Filter>
    </ClInclude>
    <ClInclude Include="physXEngine\NXU_Asc2Bin.h">
      <Filter>Header Files</Filter>
    </ClInclude>
    <ClInclude Include="physXEngine\NXU_ColladaExport.h">
      <Filter>Header Files</Filter>
    </ClInclude>
    <ClInclude Include="physXEngine\NXU_ColladaImport.h">
      <Filter>Header Files</Filter>
    </ClInclude>
    <ClInclude Include="physXEngine\NXU_cooking.h">
      <Filter>Header Files</Filter>
    </ClInclude>
    <ClInclude Include="physXEngine\NXU_customcopy.h">
      <Filter>Header Files</Filter>
    </ClInclude>
    <ClInclude Include="physXEngine\NXU_File.h">
      <Filter>Header Files</Filter>
    </ClInclude>
    <ClInclude Include="physXEngine\NXU_Geometry.h">
      <Filter>Header Files</Filter>
    </ClInclude>
    <ClInclude Include="physXEngine\NXU_GraphicsMesh.h">
      <Filter>Header Files</Filter>
    </ClInclude>
    <ClInclude Include="physXEngine\NXU_helper.h">
      <Filter>Header Files</Filter>
    </ClInclude>
    <ClInclude Include="physXEngine\NXU_hull.h">
      <Filter>Header Files</Filter>
    </ClInclude>
    <ClInclude Include="physXEngine\NXU_PhysicsExport.h">
      <Filter>Header Files</Filter>
    </ClInclude>
    <ClInclude Include="physXEngine\NXU_PhysicsInstantiator.h">
      <Filter>Header Files</Filter>
    </ClInclude>
    <ClInclude Include="physXEngine\NXU_ScaledCopy.h">
      <Filter>Header Files</Filter>
    </ClInclude>
    <ClInclude Include="physXEngine\NXU_schema.h">
      <Filter>Header Files</Filter>
    </ClInclude>
    <ClInclude Include="physXEngine\NXU_SchemaStream.h">
      <Filter>Header Files</Filter>
    </ClInclude>
    <ClInclude Include="physXEngine\NXU_SchemaTypes.h">
      <Filter>Header Files</Filter>
    </ClInclude>
    <ClInclude Include="physXEngine\NXU_Streaming.h">
      <Filter>Header Files</Filter>
    </ClInclude>
    <ClInclude Include="physXEngine\NXU_string.h">
      <Filter>Header Files</Filter>
    </ClInclude>
    <ClInclude Include="physXEngine\NXU_tinystr.h">
      <Filter>Header Files</Filter>
    </ClInclude>
    <ClInclude Include="physXEngine\NXU_tinyxml.h">
      <Filter>Header Files</Filter>
    </ClInclude>
    <ClInclude Include="sceneManagerEngine\Octree.h">
      <Filter>Header Files</Filter>
    </ClInclude>
    <ClInclude Include="AudioEngine\OpenAL.h">
      <Filter>Header Files</Filter>
    </ClInclude>
    <ClInclude Include="AudioEngine\OpenALSoundBuffer.h">
      <Filter>Header Files</Filter>
    </ClInclude>
    <ClInclude Include="AudioEngine\OpenALSoundSource.h">
      <Filter>Header Files</Filter>
    </ClInclude>
    <ClInclude Include="AudioEngine\OpenALSystem.h">
      <Filter>Header Files</Filter>
    </ClInclude>
    <ClInclude Include="GraphicsEngine\OpenGL.h">
      <Filter>Header Files</Filter>
    </ClInclude>
    <ClInclude Include="GraphicsEngine\OpenGLMaterial.h">
      <Filter>Header Files</Filter>
    </ClInclude>
    <ClInclude Include="GraphicsEngine\OpenGLMatrix.h">
      <Filter>Header Files</Filter>
    </ClInclude>
    <ClInclude Include="GraphicsEngine\OpenGLUtility.h">
      <Filter>Header Files</Filter>
    </ClInclude>
    <ClInclude Include="GraphicsEngine\Orient.h">
      <Filter>Header Files</Filter>
    </ClInclude>
    <ClInclude Include="GraphicsEngine\PerspectiveWindow.h">
      <Filter>Header Files</Filter>
    </ClInclude>
    <ClInclude Include="PhysX.h">
      <Filter>Header Files</Filter>
    </ClInclude>
    <ClInclude Include="Common\Point.h">
      <Filter>Header Files</Filter>
    </ClInclude>
    <ClInclude Include="PublishProject.h">
      <Filter>Header Files</Filter>
    </ClInclude>
    <ClInclude Include="GraphicsEngine\Render.h">
      <Filter>Header Files</Filter>
    </ClInclude>
    <ClInclude Include="Resource.h">
      <Filter>Header Files</Filter>
    </ClInclude>
    <ClInclude Include="GraphicsEngine\Scene.h">
      <Filter>Header Files</Filter>
    </ClInclude>
    <ClInclude Include="SceneBanner.h">
      <Filter>Header Files</Filter>
    </ClInclude>
    <ClInclude Include="SceneProperties.h">
      <Filter>Header Files</Filter>
    </ClInclude>
    <ClInclude Include="SelectCamera.h">
      <Filter>Header Files</Filter>
    </ClInclude>
    <ClInclude Include="ShadowDialog.h">
      <Filter>Header Files</Filter>
    </ClInclude>
    <ClInclude Include="GraphicsEngine\ShadowMap.h">
      <Filter>Header Files</Filter>
    </ClInclude>
    <ClInclude Include="GraphicsEngine\SimpleFont.h">
      <Filter>Header Files</Filter>
    </ClInclude>
    <ClInclude Include="GraphicsEngine\skin.h">
      <Filter>Header Files</Filter>
    </ClInclude>
    <ClInclude Include="GraphicsEngine\Sky.h">
      <Filter>Header Files</Filter>
    </ClInclude>
    <ClInclude Include="AudioEngine\StaticSound.h">
      <Filter>Header Files</Filter>
    </ClInclude>
    <ClInclude Include="stdafx.h">
      <Filter>Header Files</Filter>
    </ClInclude>
    <ClInclude Include="physXEngine\Stream.h">
      <Filter>Header Files</Filter>
    </ClInclude>
    <ClInclude Include="GraphicsEngine\targa.h">
      <Filter>Header Files</Filter>
    </ClInclude>
    <ClInclude Include="GraphicsEngine\Texture.h">
      <Filter>Header Files</Filter>
    </ClInclude>
    <ClInclude Include="TimerEngine\Timer.h">
      <Filter>Header Files</Filter>
    </ClInclude>
    <ClInclude Include="GraphicsEngine\Transform.h">
      <Filter>Header Files</Filter>
    </ClInclude>
    <ClInclude Include="Common\utf8\unchecked.h">
      <Filter>Header Files</Filter>
    </ClInclude>
    <ClInclude Include="physXEngine\UserAllocator.h">
      <Filter>Header Files</Filter>
    </ClInclude>
    <ClInclude Include="Common\utf8.h">
      <Filter>Header Files</Filter>
    </ClInclude>
    <ClInclude Include="Common\Utility.h">
      <Filter>Header Files</Filter>
    </ClInclude>
    <ClInclude Include="VandaEngine1.h">
      <Filter>Header Files</Filter>
    </ClInclude>
    <ClInclude Include="VandaEngine1Dlg.h">
      <Filter>Header Files</Filter>
    </ClInclude>
    <ClInclude Include="Common\Vector.h">
      <Filter>Header Files</Filter>
    </ClInclude>
    <ClInclude Include="GraphicsEngine\Water.h">
      <Filter>Header Files</Filter>
    </ClInclude>
    <ClInclude Include="WaterAttachment.h">
      <Filter>Header Files</Filter>
    </ClInclude>
    <ClInclude Include="WelcomeDialog.h">
      <Filter>Header Files</Filter>
    </ClInclude>
    <ClInclude Include="EditPhysX.h">
      <Filter>Header Files</Filter>
    </ClInclude>
    <ClInclude Include="EditGeneralPhysXProperties.h">
      <Filter>Header Files</Filter>
    </ClInclude>
    <ClInclude Include="Common\HyperLink.h">
      <Filter>Header Files</Filter>
    </ClInclude>
    <ClInclude Include="EditProjectProperties.h">
      <Filter>Header Files</Filter>
    </ClInclude>
    <ClInclude Include="SetCurrentProject.h">
      <Filter>Header Files</Filter>
    </ClInclude>
    <ClInclude Include="PrefabDlg.h">
      <Filter>Header Files</Filter>
    </ClInclude>
    <ClInclude Include="SavePrefabDlg.h">
      <Filter>Header Files</Filter>
    </ClInclude>
    <ClInclude Include="Common\Prefab.h">
      <Filter>Header Files</Filter>
    </ClInclude>
    <ClInclude Include="PrefabNameDlg.h">
      <Filter>Header Files</Filter>
    </ClInclude>
    <ClInclude Include="EditCurrentSceneOptions.h">
      <Filter>Header Files</Filter>
    </ClInclude>
    <ClInclude Include="EditProjectVScenes.h">
      <Filter>Header Files</Filter>
    </ClInclude>
    <ClInclude Include="EditVSceneName.h">
      <Filter>Header Files</Filter>
    </ClInclude>
    <ClInclude Include="AddTrigger.h">
      <Filter>Header Files</Filter>
    </ClInclude>
    <ClInclude Include="physXEngine\Trigger.h">
      <Filter>Header Files</Filter>
    </ClInclude>
    <ClInclude Include="AddMultipleAnimations.h">
      <Filter>Header Files</Filter>
    </ClInclude>
    <ClInclude Include="PleaseWait.h">
      <Filter>Header Files</Filter>
    </ClInclude>
    <ClInclude Include="AddMainCharacter.h">
      <Filter>Header Files</Filter>
    </ClInclude>
    <ClInclude Include="physXEngine\MainCharacter.h">
      <Filter>Header Files</Filter>
    </ClInclude>
    <ClInclude Include="SelectAnimationClips.h">
      <Filter>Header Files</Filter>
    </ClInclude>
    <ClInclude Include="SaveLoadCharacterProfile.h">
      <Filter>Header Files</Filter>
    </ClInclude>
    <ClInclude Include="MainCharacterProperties.h">
      <Filter>Header Files</Filter>
    </ClInclude>
    <ClInclude Include="AddCharacterSound.h">
      <Filter>Header Files</Filter>
    </ClInclude>
    <ClInclude Include="AddGUIButton.h">
      <Filter>Header Files</Filter>
    </ClInclude>
    <ClInclude Include="AddGUIBackground.h">
      <Filter>Header Files</Filter>
    </ClInclude>
    <ClInclude Include="AddGUIText.h">
      <Filter>Header Files</Filter>
    </ClInclude>
    <ClInclude Include="GUIEngine\GUIButton.h">
      <Filter>Header Files</Filter>
    </ClInclude>
    <ClInclude Include="GUIEngine\GUIBackground.h">
      <Filter>Header Files</Filter>
    </ClInclude>
    <ClInclude Include="GUIEngine\GUIText.h">
      <Filter>Header Files</Filter>
    </ClInclude>
    <ClInclude Include="SaveGUIDlg.h">
      <Filter>Header Files</Filter>
    </ClInclude>
    <ClInclude Include="GUINameDlg.h">
      <Filter>Header Files</Filter>
    </ClInclude>
    <ClInclude Include="GUIDlg.h">
      <Filter>Header Files</Filter>
    </ClInclude>
    <ClInclude Include="GUIEngine\GUI.h">
      <Filter>Header Files</Filter>
    </ClInclude>
    <ClInclude Include="AddResource.h">
      <Filter>Header Files</Filter>
    </ClInclude>
    <ClInclude Include="AddNewDirectory.h">
      <Filter>Header Files</Filter>
    </ClInclude>
    <ClInclude Include="ScriptEditor.h">
      <Filter>Header Files</Filter>
    </ClInclude>
    <ClInclude Include="AddStartupObject.h">
      <Filter>Header Files</Filter>
    </ClInclude>
    <ClInclude Include="Common\Startup.h">
      <Filter>Header Files</Filter>
    </ClInclude>
    <ClInclude Include="ResourceFile.h">
      <Filter>Header Files</Filter>
    </ClInclude>
    <ClInclude Include="Icon.h">
      <Filter>Header Files</Filter>
    </ClInclude>
    <ClInclude Include="EditLOD.h">
      <Filter>Header Files</Filter>
    </ClInclude>
    <ClInclude Include="EditCamera.h">
      <Filter>Header Files</Filter>
    </ClInclude>
    <ClInclude Include="GraphicsEngine\CHeightClass.h">
      <Filter>Header Files</Filter>
    </ClInclude>
    <ClInclude Include="GraphicsEngine\CTerrainTexture.h">
      <Filter>Header Files</Filter>
    </ClInclude>
    <ClInclude Include="GraphicsEngine\CTerrainVBOCull.h">
      <Filter>Header Files</Filter>
    </ClInclude>
    <ClInclude Include="AddTerrain.h">
      <Filter>Header Files</Filter>
    </ClInclude>
    <ClInclude Include="GraphicsEngine\terrain.h">
      <Filter>Header Files</Filter>
    </ClInclude>
    <ClInclude Include="VsceneMenuCursor.h">
      <Filter>Header Files</Filter>
    </ClInclude>
    <ClInclude Include="AddEngineCamera.h">
      <Filter>Header Files</Filter>
    </ClInclude>
    <ClInclude Include="ScriptEngine\KeyboadAndMouseScript.h">
      <Filter>Header Files</Filter>
    </ClInclude>
    <ClInclude Include="ScriptEngine\LuaForCpp.h">
      <Filter>Header Files</Filter>
    </ClInclude>
    <ClInclude Include="BackupAllProjects.h">
      <Filter>Header Files</Filter>
    </ClInclude>
    <ClInclude Include="ScriptUtility.h">
      <Filter>Header Files</Filter>
    </ClInclude>
    <ClInclude Include="ScriptUtilityPrefabInstances.h">
      <Filter>Header Files</Filter>
    </ClInclude>
    <ClInclude Include="ScriptUtilityImportedCameras.h">
      <Filter>Header Files</Filter>
    </ClInclude>
    <ClInclude Include="ScriptUtilityGameObjects.h">
      <Filter>Header Files</Filter>
    </ClInclude>
    <ClInclude Include="ScriptUtilityGUIs.h">
      <Filter>Header Files</Filter>
    </ClInclude>
    <ClInclude Include="ScriptUtilityResources.h">
      <Filter>Header Files</Filter>
    </ClInclude>
    <ClInclude Include="ScriptEditorAddEvent.h">
      <Filter>Header Files</Filter>
    </ClInclude>
    <ClInclude Include="CustomRichEditCtrl.h">
      <Filter>Header Files</Filter>
    </ClInclude>
    <ClInclude Include="ScriptEditorAddFunction.h">
      <Filter>Header Files</Filter>
    </ClInclude>
    <ClInclude Include="DeleteProject.h">
      <Filter>Header Files</Filter>
    </ClInclude>
    <ClInclude Include="EditPrefab.h">
      <Filter>Header Files</Filter>
    </ClInclude>
    <ClInclude Include="EditGUI.h">
      <Filter>Header Files</Filter>
    </ClInclude>
  </ItemGroup>
  <ItemGroup>
    <None Include="Assets\Icon\EngineObjectList\AmbientSound.bmp">
      <Filter>Resource Files</Filter>
    </None>
    <None Include="Assets\Icon\AmbientSound\AmbientSound_Disable.bmp">
      <Filter>Resource Files</Filter>
    </None>
    <None Include="Assets\Icon\AmbientSound\AmbientSound_Down.bmp">
      <Filter>Resource Files</Filter>
    </None>
    <None Include="Assets\Icon\AmbientSound\AmbientSound_Focus.bmp">
      <Filter>Resource Files</Filter>
    </None>
    <None Include="Assets\Icon\AmbientSound\AmbientSound_Up.bmp">
      <Filter>Resource Files</Filter>
    </None>
    <None Include="Assets\Icon\Object List\animation.bmp">
      <Filter>Resource Files</Filter>
    </None>
    <None Include="Assets\Icon\Object List\animation_clip.bmp">
      <Filter>Resource Files</Filter>
    </None>
    <None Include="Assets\Icon\arrow.cur">
      <Filter>Resource Files</Filter>
    </None>
    <None Include="Assets\Icon\Object List\Camera.bmp">
      <Filter>Resource Files</Filter>
    </None>
    <None Include="Assets\Icon\Camera\camera_down.bmp">
      <Filter>Resource Files</Filter>
    </None>
    <None Include="Assets\Icon\Camera\camera_focus.bmp">
      <Filter>Resource Files</Filter>
    </None>
    <None Include="Assets\Icon\Camera\camera_up.bmp">
      <Filter>Resource Files</Filter>
    </None>
    <None Include="Assets\Icon\Welcome\Check.bmp">
      <Filter>Resource Files</Filter>
    </None>
    <None Include="Assets\Icon\ImportCollada\Collada_Down.bmp">
      <Filter>Resource Files</Filter>
    </None>
    <None Include="Assets\Icon\ImportCollada\Collada_Focus.bmp">
      <Filter>Resource Files</Filter>
    </None>
    <None Include="Assets\Icon\ImportCollada\Collada_Up.bmp">
      <Filter>Resource Files</Filter>
    </None>
    <None Include="Assets\bitmap\colladaScene.bmp">
      <Filter>Resource Files</Filter>
    </None>
    <None Include="Assets\Icon\Console\Console_Down.bmp">
      <Filter>Resource Files</Filter>
    </None>
    <None Include="Assets\Icon\Console\Console_Focus.bmp">
      <Filter>Resource Files</Filter>
    </None>
    <None Include="Assets\Icon\Console\Console_Up.bmp">
      <Filter>Resource Files</Filter>
    </None>
    <None Include="Assets\Icon\Delete\Delete_Disable.bmp">
      <Filter>Resource Files</Filter>
    </None>
    <None Include="Assets\Icon\Delete\Delete_Down.bmp">
      <Filter>Resource Files</Filter>
    </None>
    <None Include="Assets\Icon\Delete\Delete_Focus.bmp">
      <Filter>Resource Files</Filter>
    </None>
    <None Include="Assets\Icon\Delete\Delete_Up.bmp">
      <Filter>Resource Files</Filter>
    </None>
    <None Include="Assets\Icon\PhysXElementList\DRB.bmp">
      <Filter>Resource Files</Filter>
    </None>
    <None Include="Assets\Icon\Edit\Edit_Disable.bmp">
      <Filter>Resource Files</Filter>
    </None>
    <None Include="Assets\Icon\Edit\Edit_Down.bmp">
      <Filter>Resource Files</Filter>
    </None>
    <None Include="Assets\Icon\Edit\Edit_Focus.bmp">
      <Filter>Resource Files</Filter>
    </None>
    <None Include="Assets\Icon\Edit\Edit_Up.bmp">
      <Filter>Resource Files</Filter>
    </None>
    <None Include="Assets\Icon\Facebook\Facebook_Down.bmp">
      <Filter>Resource Files</Filter>
    </None>
    <None Include="Assets\Icon\Facebook\Facebook_Focus.bmp">
      <Filter>Resource Files</Filter>
    </None>
    <None Include="Assets\Icon\Facebook\Facebook_Up.bmp">
      <Filter>Resource Files</Filter>
    </None>
    <None Include="Assets\Icon\Object List\fx.bmp">
      <Filter>Resource Files</Filter>
    </None>
    <None Include="Assets\Icon\Welcome\gift_down.bmp">
      <Filter>Resource Files</Filter>
    </None>
    <None Include="Assets\Icon\Welcome\gift_focus.bmp">
      <Filter>Resource Files</Filter>
    </None>
    <None Include="Assets\Icon\Welcome\gift_up.bmp">
      <Filter>Resource Files</Filter>
    </None>
    <None Include="Assets\Icon\h_move.cur">
      <Filter>Resource Files</Filter>
    </None>
    <None Include="Assets\Icon\hand.cur">
      <Filter>Resource Files</Filter>
    </None>
    <None Include="Assets\Icon\Welcome\Help_Down.bmp">
      <Filter>Resource Files</Filter>
    </None>
    <None Include="Assets\Icon\Welcome\Help_Focus.bmp">
      <Filter>Resource Files</Filter>
    </None>
    <None Include="Assets\Icon\Welcome\Help_Up.bmp">
      <Filter>Resource Files</Filter>
    </None>
    <None Include="Assets\Icon\Object List\Image.bmp">
      <Filter>Resource Files</Filter>
    </None>
    <None Include="Assets\Icon\EngineObjectList\Light.bmp">
      <Filter>Resource Files</Filter>
    </None>
    <None Include="Assets\Icon\Object List\light.bmp">
      <Filter>Resource Files</Filter>
    </None>
    <None Include="Assets\Icon\Light\Light_Down.bmp">
      <Filter>Resource Files</Filter>
    </None>
    <None Include="Assets\Icon\Light\Light_Focus.bmp">
      <Filter>Resource Files</Filter>
    </None>
    <None Include="Assets\Icon\Light\Light_Up.bmp">
      <Filter>Resource Files</Filter>
    </None>
    <None Include="Assets\Icon\Publish\Logo_Publish.bmp">
      <Filter>Resource Files</Filter>
    </None>
    <None Include="Assets\Icon\Object List\Material.bmp">
      <Filter>Resource Files</Filter>
    </None>
    <None Include="Assets\Icon\Material\Material_Disable.bmp">
      <Filter>Resource Files</Filter>
    </None>
    <None Include="Assets\Icon\Material\Material_Down.bmp">
      <Filter>Resource Files</Filter>
    </None>
    <None Include="Assets\Icon\Material\Material_Focus.bmp">
      <Filter>Resource Files</Filter>
    </None>
    <None Include="Assets\Icon\Material\Material_Up.bmp">
      <Filter>Resource Files</Filter>
    </None>
    <None Include="Assets\Icon\Object List\Mesh.bmp">
      <Filter>Resource Files</Filter>
    </None>
    <None Include="Assets\Icon\New\New_Down.bmp">
      <Filter>Resource Files</Filter>
    </None>
    <None Include="Assets\Icon\New\New_Focus.bmp">
      <Filter>Resource Files</Filter>
    </None>
    <None Include="Assets\Icon\New\New_Up.bmp">
      <Filter>Resource Files</Filter>
    </None>
    <None Include="Assets\Icon\Animation\Next\Next_Disable.bmp">
      <Filter>Resource Files</Filter>
    </None>
    <None Include="Assets\Icon\Animation\Next\Next_Down.bmp">
      <Filter>Resource Files</Filter>
    </None>
    <None Include="Assets\Icon\Animation\Next\Next_Focus.bmp">
      <Filter>Resource Files</Filter>
    </None>
    <None Include="Assets\Icon\Animation\Next\Next_Up.bmp">
      <Filter>Resource Files</Filter>
    </None>
    <None Include="Assets\bitmap\nvidia-physx-logo.bmp">
      <Filter>Resource Files</Filter>
    </None>
    <None Include="Assets\Icon\Open\Open_Down.bmp">
      <Filter>Resource Files</Filter>
    </None>
    <None Include="Assets\Icon\Open\Open_Focus.bmp">
      <Filter>Resource Files</Filter>
    </None>
    <None Include="Assets\Icon\Open\Open_Up.bmp">
      <Filter>Resource Files</Filter>
    </None>
    <None Include="Assets\bitmap\openal-logo.bmp">
      <Filter>Resource Files</Filter>
    </None>
    <None Include="Assets\bitmap\opengl3_logo.bmp">
      <Filter>Resource Files</Filter>
    </None>
    <None Include="Assets\Icon\Welcome\Overview_Down.bmp">
      <Filter>Resource Files</Filter>
    </None>
    <None Include="Assets\Icon\Welcome\Overview_Focus.bmp">
      <Filter>Resource Files</Filter>
    </None>
    <None Include="Assets\Icon\Welcome\Overview_Up.bmp">
      <Filter>Resource Files</Filter>
    </None>
    <None Include="Assets\Icon\Animation\Pause\Pause_Disable.bmp">
      <Filter>Resource Files</Filter>
    </None>
    <None Include="Assets\Icon\Animation\Pause\Pause_Down.bmp">
      <Filter>Resource Files</Filter>
    </None>
    <None Include="Assets\Icon\Animation\Pause\Pause_Focus.bmp">
      <Filter>Resource Files</Filter>
    </None>
    <None Include="Assets\Icon\Animation\Pause\Pause_Up.bmp">
      <Filter>Resource Files</Filter>
    </None>
    <None Include="Assets\Icon\ImportPhysX\PhysX_DOWN.bmp">
      <Filter>Resource Files</Filter>
    </None>
    <None Include="Assets\Icon\ImportPhysX\PhysX_Focus.bmp">
      <Filter>Resource Files</Filter>
    </None>
    <None Include="Assets\Icon\ImportPhysX\PhysX_UP.bmp">
      <Filter>Resource Files</Filter>
    </None>
    <None Include="Assets\Icon\Animation\Play\Play_Disable.bmp">
      <Filter>Resource Files</Filter>
    </None>
    <None Include="Assets\Icon\Animation\Play\Play_Down.bmp">
      <Filter>Resource Files</Filter>
    </None>
    <None Include="Assets\Icon\Animation\Play\Play_Focus.bmp">
      <Filter>Resource Files</Filter>
    </None>
    <None Include="Assets\Icon\Animation\Play\Play_Up.bmp">
      <Filter>Resource Files</Filter>
    </None>
    <None Include="Assets\Icon\Player\Player_Down.bmp">
      <Filter>Resource Files</Filter>
    </None>
    <None Include="Assets\Icon\Player\Player_Focus.bmp">
      <Filter>Resource Files</Filter>
    </None>
    <None Include="Assets\Icon\Player\Player_Up.bmp">
      <Filter>Resource Files</Filter>
    </None>
    <None Include="Assets\Icon\pointer.cur">
      <Filter>Resource Files</Filter>
    </None>
    <None Include="Assets\Icon\Animation\Prev\Prev_Disable.bmp">
      <Filter>Resource Files</Filter>
    </None>
    <None Include="Assets\Icon\Animation\Prev\Prev_Down.bmp">
      <Filter>Resource Files</Filter>
    </None>
    <None Include="Assets\Icon\Animation\Prev\Prev_Focus.bmp">
      <Filter>Resource Files</Filter>
    </None>
    <None Include="Assets\Icon\Animation\Prev\Prev_Up.bmp">
      <Filter>Resource Files</Filter>
    </None>
    <None Include="Assets\Icon\Publish\publish_down.bmp">
      <Filter>Resource Files</Filter>
    </None>
    <None Include="Assets\Icon\Publish\publish_focus.bmp">
      <Filter>Resource Files</Filter>
    </None>
    <None Include="Assets\Icon\Publish\publish_up.bmp">
      <Filter>Resource Files</Filter>
    </None>
    <None Include="Assets\Icon\Save\Save_Down.bmp">
      <Filter>Resource Files</Filter>
    </None>
    <None Include="Assets\Icon\Save\Save_Focus.bmp">
      <Filter>Resource Files</Filter>
    </None>
    <None Include="Assets\Icon\Save\Save_UP.bmp">
      <Filter>Resource Files</Filter>
    </None>
    <None Include="Assets\Icon\Save As\SaveAs_DOWN.bmp">
      <Filter>Resource Files</Filter>
    </None>
    <None Include="Assets\Icon\Save As\SaveAs_Focus.bmp">
      <Filter>Resource Files</Filter>
    </None>
    <None Include="Assets\Icon\Save As\SaveAs_UP.bmp">
      <Filter>Resource Files</Filter>
    </None>
    <None Include="Assets\Icon\Script\script_disable.bmp">
      <Filter>Resource Files</Filter>
    </None>
    <None Include="Assets\Icon\Script\script_down.bmp">
      <Filter>Resource Files</Filter>
    </None>
    <None Include="Assets\Icon\Script\script_focus.bmp">
      <Filter>Resource Files</Filter>
    </None>
    <None Include="Assets\Icon\Script\script_up.bmp">
      <Filter>Resource Files</Filter>
    </None>
    <None Include="Assets\Icon\Separator.bmp">
      <Filter>Resource Files</Filter>
    </None>
    <None Include="Assets\Icon\Object List\skin_cnotroller.bmp">
      <Filter>Resource Files</Filter>
    </None>
    <None Include="Assets\Icon\EngineObjectList\Sky.bmp">
      <Filter>Resource Files</Filter>
    </None>
    <None Include="Assets\Icon\Sky\Sky_Disable.bmp">
      <Filter>Resource Files</Filter>
    </None>
    <None Include="Assets\Icon\Sky\Sky_Down.bmp">
      <Filter>Resource Files</Filter>
    </None>
    <None Include="Assets\Icon\Sky\Sky_Focus.bmp">
      <Filter>Resource Files</Filter>
    </None>
    <None Include="Assets\Icon\Sky\Sky_Up.bmp">
      <Filter>Resource Files</Filter>
    </None>
    <None Include="Assets\Icon\PhysXElementList\SRB.bmp">
      <Filter>Resource Files</Filter>
    </None>
    <None Include="Assets\Icon\EngineObjectList\StaticSound.bmp">
      <Filter>Resource Files</Filter>
    </None>
    <None Include="Assets\Icon\StaticSound\StaticSound_Down.bmp">
      <Filter>Resource Files</Filter>
    </None>
    <None Include="Assets\Icon\StaticSound\StaticSound_Focus.bmp">
      <Filter>Resource Files</Filter>
    </None>
    <None Include="Assets\Icon\StaticSound\StaticSound_Up.bmp">
      <Filter>Resource Files</Filter>
    </None>
    <None Include="Assets\Icon\Summary\Summary_Down.bmp">
      <Filter>Resource Files</Filter>
    </None>
    <None Include="Assets\Icon\Summary\Summary_Focus.bmp">
      <Filter>Resource Files</Filter>
    </None>
    <None Include="Assets\Icon\Summary\Summary_Up.bmp">
      <Filter>Resource Files</Filter>
    </None>
    <None Include="Assets\Icon\Timer\Timer_Down.bmp">
      <Filter>Resource Files</Filter>
    </None>
    <None Include="Assets\Icon\Timer\Timer_Focus.bmp">
      <Filter>Resource Files</Filter>
    </None>
    <None Include="Assets\Icon\Timer\Timer_Up.bmp">
      <Filter>Resource Files</Filter>
    </None>
    <None Include="Assets\Icon\PhysXElementList\TR.bmp">
      <Filter>Resource Files</Filter>
    </None>
    <None Include="Assets\Icon\Welcome\tutorial_down.bmp">
      <Filter>Resource Files</Filter>
    </None>
    <None Include="Assets\Icon\Welcome\tutorial_focus.bmp">
      <Filter>Resource Files</Filter>
    </None>
    <None Include="Assets\Icon\Welcome\tutorial_up.bmp">
      <Filter>Resource Files</Filter>
    </None>
    <None Include="Assets\Icon\Twitter\twitter_down.bmp">
      <Filter>Resource Files</Filter>
    </None>
    <None Include="Assets\Icon\Twitter\twitter_focus.bmp">
      <Filter>Resource Files</Filter>
    </None>
    <None Include="Assets\Icon\Twitter\twitter_up.bmp">
      <Filter>Resource Files</Filter>
    </None>
    <None Include="Assets\Icon\Unavailable.cur">
      <Filter>Resource Files</Filter>
    </None>
    <None Include="Assets\Icon\Welcome\Uncheck.bmp">
      <Filter>Resource Files</Filter>
    </None>
    <None Include="Assets\bitmap\Vanda-Logo.bmp">
      <Filter>Resource Files</Filter>
    </None>
    <None Include="..\..\Web\Photos\Logos\Vanda-Logo.bmp">
      <Filter>Resource Files</Filter>
    </None>
    <None Include="Assets\Icon\Vanda.bmp">
      <Filter>Resource Files</Filter>
    </None>
    <None Include="Assets\Icon\Vanda2.bmp">
      <Filter>Resource Files</Filter>
    </None>
    <None Include="Assets\Icon\Vanda_logo2.bmp">
      <Filter>Resource Files</Filter>
    </None>
    <None Include="Assets\Icon\Vanda_Version.bmp">
      <Filter>Resource Files</Filter>
    </None>
    <None Include="res\VandaEngine.ico">
      <Filter>Resource Files</Filter>
    </None>
    <None Include="Assets\Icon\VandaRTI.bmp">
      <Filter>Resource Files</Filter>
    </None>
    <None Include="Assets\Icon\Welcome\video_Down.bmp">
      <Filter>Resource Files</Filter>
    </None>
    <None Include="Assets\Icon\Welcome\video_Focus.bmp">
      <Filter>Resource Files</Filter>
    </None>
    <None Include="Assets\Icon\Welcome\video_Up.bmp">
      <Filter>Resource Files</Filter>
    </None>
    <None Include="Assets\Icon\EngineObjectList\Water.bmp">
      <Filter>Resource Files</Filter>
    </None>
    <None Include="Assets\Icon\Water\Water_Down.bmp">
      <Filter>Resource Files</Filter>
    </None>
    <None Include="Assets\Icon\Water\Water_Focus.bmp">
      <Filter>Resource Files</Filter>
    </None>
    <None Include="Assets\Icon\Water\Water_Up.bmp">
      <Filter>Resource Files</Filter>
    </None>
    <None Include="Assets\Icon\Web\Web_Down.bmp">
      <Filter>Resource Files</Filter>
    </None>
    <None Include="Assets\Icon\Web\Web_Focus.bmp">
      <Filter>Resource Files</Filter>
    </None>
    <None Include="Assets\Icon\Web\Web_Up.bmp">
      <Filter>Resource Files</Filter>
    </None>
    <None Include="Assets\Icon\YouTube\youtube_down.bmp">
      <Filter>Resource Files</Filter>
    </None>
    <None Include="Assets\Icon\YouTube\youtube_focus.bmp">
      <Filter>Resource Files</Filter>
    </None>
    <None Include="Assets\Icon\YouTube\youtube_up.bmp">
      <Filter>Resource Files</Filter>
    </None>
    <None Include="Assets\Icon\zoom in.cur">
      <Filter>Resource Files</Filter>
    </None>
    <None Include="Assets\Engine\Icons\progress.ani" />
    <None Include="ReadMe.txt" />
    <None Include="Assets\Icon\PhysX Editor\PhysX_Disable.bmp">
      <Filter>Resource Files</Filter>
    </None>
    <None Include="Assets\Icon\PhysX Editor\PhysX_Down.bmp">
      <Filter>Resource Files</Filter>
    </None>
    <None Include="Assets\Icon\PhysX Editor\PhysX_Up.bmp">
      <Filter>Resource Files</Filter>
    </None>
    <None Include="assets\icon\welcome\bitmap6.bmp">
      <Filter>Resource Files</Filter>
    </None>
    <None Include="Assets\Icon\Welcome\Donate_Down.bmp">
      <Filter>Resource Files</Filter>
    </None>
    <None Include="Assets\Icon\Welcome\Donate_Focus.bmp">
      <Filter>Resource Files</Filter>
    </None>
    <None Include="Assets\Icon\Welcome\Donate_Up.bmp">
      <Filter>Resource Files</Filter>
    </None>
    <None Include="Assets\Icon\Welcome\link.bmp">
      <Filter>Resource Files</Filter>
    </None>
    <None Include="Assets\Icon\Welcome\Welcome_image.bmp">
      <Filter>Resource Files</Filter>
    </None>
    <None Include="Assets\Icon\Vanda_logo3.bmp">
      <Filter>Resource Files</Filter>
    </None>
    <None Include="Assets\Icon\Welcome\Welcome_version.bmp">
      <Filter>Resource Files</Filter>
    </None>
    <None Include="Assets\Icon\sceneList\active_preview.bmp">
      <Filter>Resource Files</Filter>
    </None>
    <None Include="Assets\Icon\sceneList\no_preview.bmp">
      <Filter>Resource Files</Filter>
    </None>
    <None Include="Assets\Icon\Welcome\Seperator.bmp">
      <Filter>Resource Files</Filter>
    </None>
    <None Include="ClassDiagram.cd" />
  </ItemGroup>
  <ItemGroup>
    <ResourceCompile Include="VandaEngine1.rc">
      <Filter>Resource Files</Filter>
    </ResourceCompile>
  </ItemGroup>
  <ItemGroup>
    <Image Include="Assets\Icon\Light\Light_Disable.bmp">
      <Filter>Resource Files</Filter>
    </Image>
    <Image Include="Assets\Icon\Water\Water_Disable.bmp">
      <Filter>Resource Files</Filter>
    </Image>
    <Image Include="Assets\Icon\StaticSound\StaticSound_Disable.bmp">
      <Filter>Resource Files</Filter>
    </Image>
    <Image Include="Assets\Icon\Prefab\prefab_Disable.bmp">
      <Filter>Resource Files</Filter>
    </Image>
    <Image Include="Assets\Icon\Prefab\prefab_Down.bmp">
      <Filter>Resource Files</Filter>
    </Image>
    <Image Include="Assets\Icon\Prefab\prefab_Focus.bmp">
      <Filter>Resource Files</Filter>
    </Image>
    <Image Include="Assets\Icon\Prefab\prefab_Up.bmp">
      <Filter>Resource Files</Filter>
    </Image>
    <Image Include="Assets\Icon\Open\Open_Disable.bmp">
      <Filter>Resource Files</Filter>
    </Image>
    <Image Include="Assets\Icon\Publish\publish_disable.bmp">
      <Filter>Resource Files</Filter>
    </Image>
    <Image Include="Assets\Icon\Save\Save_Disable.bmp">
      <Filter>Resource Files</Filter>
    </Image>
    <Image Include="Assets\Icon\Save As\SaveAs_Disable.bmp">
      <Filter>Resource Files</Filter>
    </Image>
    <Image Include="Assets\Icon\Translate\translate_Disable.bmp">
      <Filter>Resource Files</Filter>
    </Image>
    <Image Include="Assets\Icon\Translate\translate_Down.bmp">
      <Filter>Resource Files</Filter>
    </Image>
    <Image Include="Assets\Icon\Translate\translate_Focus.bmp">
      <Filter>Resource Files</Filter>
    </Image>
    <Image Include="Assets\Icon\Translate\translate_Up.bmp">
      <Filter>Resource Files</Filter>
    </Image>
    <Image Include="Assets\Icon\Rotate\rotate_Disable.bmp">
      <Filter>Resource Files</Filter>
    </Image>
    <Image Include="Assets\Icon\Rotate\rotate_Down.bmp">
      <Filter>Resource Files</Filter>
    </Image>
    <Image Include="Assets\Icon\Rotate\rotate_Focus.bmp">
      <Filter>Resource Files</Filter>
    </Image>
    <Image Include="Assets\Icon\Rotate\rotate_Up.bmp">
      <Filter>Resource Files</Filter>
    </Image>
    <Image Include="Assets\Icon\Scale\Scale_Disable.bmp">
      <Filter>Resource Files</Filter>
    </Image>
    <Image Include="Assets\Icon\Scale\Scale_Down.bmp">
      <Filter>Resource Files</Filter>
    </Image>
    <Image Include="Assets\Icon\Scale\Scale_Focus.bmp">
      <Filter>Resource Files</Filter>
    </Image>
    <Image Include="Assets\Icon\Scale\Scale_Up.bmp">
      <Filter>Resource Files</Filter>
    </Image>
    <Image Include="Assets\Icon\Default\Default.bmp">
      <Filter>Resource Files</Filter>
    </Image>
    <Image Include="Assets\Icon\Object List\scene.bmp">
      <Filter>Resource Files</Filter>
    </Image>
    <Image Include="Assets\Icon\Timer\Pause\Timer_Pause_Down.bmp">
      <Filter>Resource Files</Filter>
    </Image>
    <Image Include="Assets\Icon\Timer\Pause\Timer_Pause_Focus.bmp">
      <Filter>Resource Files</Filter>
    </Image>
    <Image Include="Assets\Icon\Timer\Pause\Timer_Pause_Up.bmp">
      <Filter>Resource Files</Filter>
    </Image>
    <Image Include="Assets\Icon\Test\Active\test_active_down.bmp">
      <Filter>Resource Files</Filter>
    </Image>
    <Image Include="Assets\Icon\Test\Active\test_active_focus.bmp">
      <Filter>Resource Files</Filter>
    </Image>
    <Image Include="Assets\Icon\Test\Active\test_active_up.bmp">
      <Filter>Resource Files</Filter>
    </Image>
    <Image Include="Assets\Icon\Test\Deactive\test_deactive_down.bmp">
      <Filter>Resource Files</Filter>
    </Image>
    <Image Include="Assets\Icon\Test\Deactive\test_deactive_focus.bmp">
      <Filter>Resource Files</Filter>
    </Image>
    <Image Include="Assets\Icon\Test\Deactive\test_deactive_up.bmp">
      <Filter>Resource Files</Filter>
    </Image>
    <Image Include="Assets\Icon\Default\Default_vin.bmp">
      <Filter>Resource Files</Filter>
    </Image>
    <Image Include="Assets\Icon\Default\Default_vpf.bmp">
      <Filter>Resource Files</Filter>
    </Image>
    <Image Include="Assets\Icon\Default\Default_package.bmp">
      <Filter>Resource Files</Filter>
    </Image>
    <Image Include="Assets\Icon\Default\Default_Project.bmp">
      <Filter>Resource Files</Filter>
    </Image>
    <Image Include="Assets\Icon\Default\Default_Water.bmp">
      <Filter>Resource Files</Filter>
    </Image>
    <Image Include="Assets\Icon\WaterAttach\WaterAttach_Down.bmp">
      <Filter>Resource Files</Filter>
    </Image>
    <Image Include="Assets\Icon\WaterAttach\WaterAttach_Focus.bmp">
      <Filter>Resource Files</Filter>
    </Image>
    <Image Include="Assets\Icon\WaterAttach\WaterAttach_Up.bmp">
      <Filter>Resource Files</Filter>
    </Image>
    <Image Include="Assets\Icon\Trigger\Trigger_Disable.bmp">
      <Filter>Resource Files</Filter>
    </Image>
    <Image Include="Assets\Icon\Trigger\Trigger_Down.bmp">
      <Filter>Resource Files</Filter>
    </Image>
    <Image Include="Assets\Icon\Trigger\Trigger_Focus.bmp">
      <Filter>Resource Files</Filter>
    </Image>
    <Image Include="Assets\Icon\Trigger\Trigger_Up.bmp">
      <Filter>Resource Files</Filter>
    </Image>
    <Image Include="Assets\Icon\ImportColladaMultipleAnimations\Collada_Multiple_Animations_Disable.bmp">
      <Filter>Resource Files</Filter>
    </Image>
    <Image Include="Assets\Icon\ImportColladaMultipleAnimations\Collada_Multiple_Animations_Down.bmp">
      <Filter>Resource Files</Filter>
    </Image>
    <Image Include="Assets\Icon\ImportColladaMultipleAnimations\Collada_Multiple_Animations_Focus.bmp">
      <Filter>Resource Files</Filter>
    </Image>
    <Image Include="Assets\Icon\ImportColladaMultipleAnimations\Collada_Multiple_Animations_Up.bmp">
      <Filter>Resource Files</Filter>
    </Image>
    <Image Include="Assets\Icon\Player\Player_Disable.bmp">
      <Filter>Resource Files</Filter>
    </Image>
    <Image Include="Assets\Icon\Default\Default_prf.bmp">
      <Filter>Resource Files</Filter>
    </Image>
    <Image Include="Assets\Icon\GUI\GUI_Disable.bmp">
      <Filter>Resource Files</Filter>
    </Image>
    <Image Include="Assets\Icon\GUI\GUI_Down.bmp">
      <Filter>Resource Files</Filter>
    </Image>
    <Image Include="Assets\Icon\GUI\GUI_Focus.bmp">
      <Filter>Resource Files</Filter>
    </Image>
    <Image Include="Assets\Icon\GUI\GUI_Up.bmp">
      <Filter>Resource Files</Filter>
    </Image>
    <Image Include="Assets\Icon\GUI\GUI_Background_Disable.bmp">
      <Filter>Resource Files</Filter>
    </Image>
    <Image Include="Assets\Icon\GUI\GUI_Background_Down.bmp">
      <Filter>Resource Files</Filter>
    </Image>
    <Image Include="Assets\Icon\GUI\GUI_Background_Focus.bmp">
      <Filter>Resource Files</Filter>
    </Image>
    <Image Include="Assets\Icon\GUI\GUI_Background_Up.bmp">
      <Filter>Resource Files</Filter>
    </Image>
    <Image Include="Assets\Icon\GUI\GUI_Text_Disable.bmp">
      <Filter>Resource Files</Filter>
    </Image>
    <Image Include="Assets\Icon\GUI\GUI_Text_Down.bmp">
      <Filter>Resource Files</Filter>
    </Image>
    <Image Include="Assets\Icon\GUI\GUI_Text_Focus.bmp">
      <Filter>Resource Files</Filter>
    </Image>
    <Image Include="Assets\Icon\GUI\GUI_Text_Up.bmp">
      <Filter>Resource Files</Filter>
    </Image>
    <Image Include="Assets\Icon\GUI List\GUIBackground.bmp">
      <Filter>Resource Files</Filter>
    </Image>
    <Image Include="Assets\Icon\GUI List\GUIButton.bmp">
      <Filter>Resource Files</Filter>
    </Image>
    <Image Include="Assets\Icon\GUI List\GUIText.bmp">
      <Filter>Resource Files</Filter>
    </Image>
    <Image Include="Assets\Icon\InsertGUI\InsertGUI_Disable.bmp">
      <Filter>Resource Files</Filter>
    </Image>
    <Image Include="Assets\Icon\InsertGUI\InsertGUI_Down.bmp">
      <Filter>Resource Files</Filter>
    </Image>
    <Image Include="Assets\Icon\InsertGUI\InsertGUI_Focus.bmp">
      <Filter>Resource Files</Filter>
    </Image>
    <Image Include="Assets\Icon\InsertGUI\InsertGUI_Up.bmp">
      <Filter>Resource Files</Filter>
    </Image>
    <Image Include="Assets\Icon\Default\Default_gui.bmp">
      <Filter>Resource Files</Filter>
    </Image>
    <Image Include="Assets\Icon\Startup\Start_Disable.bmp">
      <Filter>Resource Files</Filter>
    </Image>
    <Image Include="Assets\Icon\Startup\Start_Down.bmp">
      <Filter>Resource Files</Filter>
    </Image>
    <Image Include="Assets\Icon\Startup\Start_Focus.bmp">
      <Filter>Resource Files</Filter>
    </Image>
    <Image Include="Assets\Icon\Startup\Start_Up.bmp">
      <Filter>Resource Files</Filter>
    </Image>
    <Image Include="Assets\Icon\EngineObjectList\Start.bmp">
      <Filter>Resource Files</Filter>
    </Image>
    <Image Include="Assets\Icon\Terrain\terrain_up.bmp">
      <Filter>Resource Files</Filter>
    </Image>
    <Image Include="Assets\Icon\Terrain\terrain_focus.bmp">
      <Filter>Resource Files</Filter>
    </Image>
    <Image Include="Assets\Icon\Terrain\terrain_down.bmp">
      <Filter>Resource Files</Filter>
    </Image>
    <Image Include="Assets\Icon\Terrain\terrain_disable.bmp">
      <Filter>Resource Files</Filter>
    </Image>
    <Image Include="Assets\Icon\EngineObjectList\Terrain.bmp">
      <Filter>Resource Files</Filter>
    </Image>
    <Image Include="Assets\Icon\EngineCamera\engine_camera_disable.bmp">
      <Filter>Resource Files</Filter>
    </Image>
    <Image Include="Assets\Icon\EngineCamera\engine_camera_down.bmp">
      <Filter>Resource Files</Filter>
    </Image>
    <Image Include="Assets\Icon\EngineCamera\engine_camera_focus.bmp">
      <Filter>Resource Files</Filter>
    </Image>
    <Image Include="Assets\Icon\EngineCamera\engine_camera_up.bmp">
      <Filter>Resource Files</Filter>
    </Image>
    <Image Include="Assets\Icon\EngineObjectList\engine_camera.bmp">
      <Filter>Resource Files</Filter>
    </Image>
    <Image Include="Assets\Icon\Camera\camera_disable.bmp">
      <Filter>Resource Files</Filter>
    </Image>
    <Image Include="Assets\Icon\PrefabSettings\PrefabSettings.bmp">
      <Filter>Resource Files</Filter>
    </Image>
    <Image Include="Assets\Icon\PrefabSettings\PrefabSettings_Disable.bmp">
      <Filter>Resource Files</Filter>
    </Image>
    <Image Include="Assets\Icon\PrefabSettings\PrefabSettings_Down.bmp">
      <Filter>Resource Files</Filter>
    </Image>
    <Image Include="Assets\Icon\PrefabSettings\PrefabSettings_Focus.bmp">
      <Filter>Resource Files</Filter>
    </Image>
    <Image Include="Assets\Icon\Default\Script Utility\audio.bmp">
      <Filter>Resource Files</Filter>
    </Image>
    <Image Include="Assets\Icon\Default\Script Utility\camera.bmp">
      <Filter>Resource Files</Filter>
    </Image>
  </ItemGroup>
</Project>