<?xml version="1.0" encoding="utf-8"?>
<Project ToolsVersion="4.0" xmlns="http://schemas.microsoft.com/developer/msbuild/2003">
  <ItemGroup>
    <Filter Include="Source Files">
      <UniqueIdentifier>{4FC737F1-C7A5-4376-A066-2A32D752A2FF}</UniqueIdentifier>
      <Extensions>cpp;c;cc;cxx;def;odl;idl;hpj;bat;asm;asmx</Extensions>
    </Filter>
    <Filter Include="Header Files">
      <UniqueIdentifier>{93995380-89BD-4b04-88EB-625FBE52EBFB}</UniqueIdentifier>
      <Extensions>h;hpp;hxx;hm;inl;inc;xsd</Extensions>
    </Filter>
    <Filter Include="Resource Files">
      <UniqueIdentifier>{67DA6AB6-F800-4c08-8B7A-83BB121AAD01}</UniqueIdentifier>
      <Extensions>rc;ico;cur;bmp;dlg;rc2;rct;bin;rgs;gif;jpg;jpeg;jpe;resx;tiff;tif;png;wav</Extensions>
    </Filter>
  </ItemGroup>
  <ItemGroup>
    <ClCompile Include="GraphicsEngine\Actions.cpp">
      <Filter>Source Files</Filter>
    </ClCompile>
    <ClCompile Include="GraphicsEngine\ActionsAPI.cpp">
      <Filter>Source Files</Filter>
    </ClCompile>
    <ClCompile Include="AudioEngine\AmbientSound.cpp">
      <Filter>Source Files</Filter>
    </ClCompile>
    <ClCompile Include="GraphicsEngine\Animation.cpp">
      <Filter>Source Files</Filter>
    </ClCompile>
    <ClCompile Include="GraphicsEngine\AVI.cpp">
      <Filter>Source Files</Filter>
    </ClCompile>
    <ClCompile Include="GraphicsEngine\Base.cpp">
      <Filter>Source Files</Filter>
    </ClCompile>
    <ClCompile Include="GraphicsEngine\Bloom.cpp">
      <Filter>Source Files</Filter>
    </ClCompile>
    <ClCompile Include="GraphicsEngine\Camera.cpp">
      <Filter>Source Files</Filter>
    </ClCompile>
    <ClCompile Include="GraphicsEngine\dds.cpp">
      <Filter>Source Files</Filter>
    </ClCompile>
    <ClCompile Include="Common\DecomposeMatrix.cpp">
      <Filter>Source Files</Filter>
    </ClCompile>
    <ClCompile Include="GraphicsEngine\DOF.cpp">
      <Filter>Source Files</Filter>
    </ClCompile>
    <ClCompile Include="GraphicsEngine\dxtctool.cpp">
      <Filter>Source Files</Filter>
    </ClCompile>
    <ClCompile Include="GraphicsEngine\Effect.cpp">
      <Filter>Source Files</Filter>
    </ClCompile>
    <ClCompile Include="GraphicsEngine\Fog.cpp">
      <Filter>Source Files</Filter>
    </ClCompile>
    <ClCompile Include="GraphicsEngine\Geometry.cpp">
      <Filter>Source Files</Filter>
    </ClCompile>
    <ClCompile Include="GraphicsEngine\Image.cpp">
      <Filter>Source Files</Filter>
    </ClCompile>
    <ClCompile Include="InputEngine\Input.cpp">
      <Filter>Source Files</Filter>
    </ClCompile>
    <ClCompile Include="GraphicsEngine\Light.cpp">
      <Filter>Source Files</Filter>
    </ClCompile>
    <ClCompile Include="GraphicsEngine\LightModel.cpp">
      <Filter>Source Files</Filter>
    </ClCompile>
    <ClCompile Include="sceneManagerEngine\LOD.cpp">
      <Filter>Source Files</Filter>
    </ClCompile>
    <ClCompile Include="Main.cpp">
      <Filter>Source Files</Filter>
    </ClCompile>
    <ClCompile Include="GraphicsEngine\Material.cpp">
      <Filter>Source Files</Filter>
    </ClCompile>
    <ClCompile Include="GraphicsEngine\Matrix.cpp">
      <Filter>Source Files</Filter>
    </ClCompile>
    <ClCompile Include="GraphicsEngine\Node.cpp">
      <Filter>Source Files</Filter>
    </ClCompile>
    <ClCompile Include="physXEngine\Nx.cpp">
      <Filter>Source Files</Filter>
    </ClCompile>
    <ClCompile Include="physXEngine\NxDebugRenderer.cpp">
      <Filter>Source Files</Filter>
    </ClCompile>
    <ClCompile Include="physXEngine\NXU_Asc2Bin.cpp">
      <Filter>Source Files</Filter>
    </ClCompile>
    <ClCompile Include="physXEngine\NXU_ColladaExport.cpp">
      <Filter>Source Files</Filter>
    </ClCompile>
    <ClCompile Include="physXEngine\NXU_ColladaImport.cpp">
      <Filter>Source Files</Filter>
    </ClCompile>
    <ClCompile Include="physXEngine\NXU_cooking.cpp">
      <Filter>Source Files</Filter>
    </ClCompile>
    <ClCompile Include="physXEngine\NXU_customcopy.cpp">
      <Filter>Source Files</Filter>
    </ClCompile>
    <ClCompile Include="physXEngine\NXU_File.cpp">
      <Filter>Source Files</Filter>
    </ClCompile>
    <ClCompile Include="physXEngine\NXU_Geometry.cpp">
      <Filter>Source Files</Filter>
    </ClCompile>
    <ClCompile Include="physXEngine\NXU_GraphicsMesh.cpp">
      <Filter>Source Files</Filter>
    </ClCompile>
    <ClCompile Include="physXEngine\NXU_helper.cpp">
      <Filter>Source Files</Filter>
    </ClCompile>
    <ClCompile Include="physXEngine\NXU_hull.cpp">
      <Filter>Source Files</Filter>
    </ClCompile>
    <ClCompile Include="physXEngine\NXU_PhysicsExport.cpp">
      <Filter>Source Files</Filter>
    </ClCompile>
    <ClCompile Include="physXEngine\NXU_PhysicsInstantiator.cpp">
      <Filter>Source Files</Filter>
    </ClCompile>
    <ClCompile Include="physXEngine\NXU_ScaledCopy.cpp">
      <Filter>Source Files</Filter>
    </ClCompile>
    <ClCompile Include="physXEngine\NXU_schema.cpp">
      <Filter>Source Files</Filter>
    </ClCompile>
    <ClCompile Include="physXEngine\NXU_SchemaStream.cpp">
      <Filter>Source Files</Filter>
    </ClCompile>
    <ClCompile Include="physXEngine\NXU_Streaming.cpp">
      <Filter>Source Files</Filter>
    </ClCompile>
    <ClCompile Include="physXEngine\NXU_string.cpp">
      <Filter>Source Files</Filter>
    </ClCompile>
    <ClCompile Include="physXEngine\NXU_tinystr.cpp">
      <Filter>Source Files</Filter>
    </ClCompile>
    <ClCompile Include="physXEngine\NXU_tinyxml.cpp">
      <Filter>Source Files</Filter>
    </ClCompile>
    <ClCompile Include="physXEngine\NXU_tinyxmlerror.cpp">
      <Filter>Source Files</Filter>
    </ClCompile>
    <ClCompile Include="physXEngine\NXU_tinyxmlparser.cpp">
      <Filter>Source Files</Filter>
    </ClCompile>
    <ClCompile Include="sceneManagerEngine\Octree.cpp">
      <Filter>Source Files</Filter>
    </ClCompile>
    <ClCompile Include="AudioEngine\OpenALSoundBuffer.cpp">
      <Filter>Source Files</Filter>
    </ClCompile>
    <ClCompile Include="AudioEngine\OpenALSoundSource.cpp">
      <Filter>Source Files</Filter>
    </ClCompile>
    <ClCompile Include="AudioEngine\OpenALSystem.cpp">
      <Filter>Source Files</Filter>
    </ClCompile>
    <ClCompile Include="GraphicsEngine\OpenGLMaterial.cpp">
      <Filter>Source Files</Filter>
    </ClCompile>
    <ClCompile Include="GraphicsEngine\OpenGLMatrix.cpp">
      <Filter>Source Files</Filter>
    </ClCompile>
    <ClCompile Include="GraphicsEngine\OpenGLUtility.cpp">
      <Filter>Source Files</Filter>
    </ClCompile>
    <ClCompile Include="GraphicsEngine\Orient.cpp">
      <Filter>Source Files</Filter>
    </ClCompile>
    <ClCompile Include="GraphicsEngine\OtherAPI.cpp">
      <Filter>Source Files</Filter>
    </ClCompile>
    <ClCompile Include="GraphicsEngine\ParticleSystem.cpp">
      <Filter>Source Files</Filter>
    </ClCompile>
    <ClCompile Include="GraphicsEngine\PInternalState.cpp">
      <Filter>Source Files</Filter>
    </ClCompile>
    <ClCompile Include="Common\Point.cpp">
      <Filter>Source Files</Filter>
    </ClCompile>
    <ClCompile Include="GraphicsEngine\Render.cpp">
      <Filter>Source Files</Filter>
    </ClCompile>
    <ClCompile Include="GraphicsEngine\Scene.cpp">
      <Filter>Source Files</Filter>
    </ClCompile>
    <ClCompile Include="GraphicsEngine\SceneRead.cpp">
      <Filter>Source Files</Filter>
    </ClCompile>
    <ClCompile Include="GraphicsEngine\ShadowMap.cpp">
      <Filter>Source Files</Filter>
    </ClCompile>
    <ClCompile Include="GraphicsEngine\SimpleFont.cpp">
      <Filter>Source Files</Filter>
    </ClCompile>
    <ClCompile Include="GraphicsEngine\skin.cpp">
      <Filter>Source Files</Filter>
    </ClCompile>
    <ClCompile Include="GraphicsEngine\Sky.cpp">
      <Filter>Source Files</Filter>
    </ClCompile>
    <ClCompile Include="stdafx.cpp">
      <Filter>Source Files</Filter>
    </ClCompile>
    <ClCompile Include="physXEngine\Stream.cpp">
      <Filter>Source Files</Filter>
    </ClCompile>
    <ClCompile Include="GraphicsEngine\targa.cpp">
      <Filter>Source Files</Filter>
    </ClCompile>
    <ClCompile Include="GraphicsEngine\Texture.cpp">
      <Filter>Source Files</Filter>
    </ClCompile>
    <ClCompile Include="TimerEngine\Timer.cpp">
      <Filter>Source Files</Filter>
    </ClCompile>
    <ClCompile Include="GraphicsEngine\Transform.cpp">
      <Filter>Source Files</Filter>
    </ClCompile>
    <ClCompile Include="physXEngine\UserAllocator.cpp">
      <Filter>Source Files</Filter>
    </ClCompile>
    <ClCompile Include="VandaEngine1Win32.cpp">
      <Filter>Source Files</Filter>
    </ClCompile>
    <ClCompile Include="Common\Vector.cpp">
      <Filter>Source Files</Filter>
    </ClCompile>
    <ClCompile Include="GraphicsEngine\Water.cpp">
      <Filter>Source Files</Filter>
    </ClCompile>
    <ClCompile Include="GraphicsEngine\Window.cpp">
      <Filter>Source Files</Filter>
    </ClCompile>
    <ClCompile Include="Common\Prefab.cpp">
      <Filter>Source Files</Filter>
    </ClCompile>
    <ClCompile Include="physXEngine\Trigger.cpp">
      <Filter>Source Files</Filter>
    </ClCompile>
    <ClCompile Include="physXEngine\MainCharacter.cpp">
      <Filter>Source Files</Filter>
    </ClCompile>
    <ClCompile Include="GUIEngine\GUIButton.cpp">
      <Filter>Source Files</Filter>
    </ClCompile>
    <ClCompile Include="GUIEngine\GUIText.cpp">
      <Filter>Source Files</Filter>
    </ClCompile>
    <ClCompile Include="GUIEngine\GUI.cpp">
      <Filter>Source Files</Filter>
    </ClCompile>
    <ClCompile Include="ResourceFile.cpp">
      <Filter>Source Files</Filter>
    </ClCompile>
    <ClCompile Include="Icon.cpp">
      <Filter>Source Files</Filter>
    </ClCompile>
    <ClCompile Include="GraphicsEngine\CHeightClass.cpp">
      <Filter>Source Files</Filter>
    </ClCompile>
    <ClCompile Include="GraphicsEngine\CTerrainTexture.cpp">
      <Filter>Source Files</Filter>
    </ClCompile>
    <ClCompile Include="GraphicsEngine\CTerrainVBOCull.cpp">
      <Filter>Source Files</Filter>
    </ClCompile>
    <ClCompile Include="GraphicsEngine\terrain.cpp">
      <Filter>Source Files</Filter>
    </ClCompile>
    <ClCompile Include="Common\VSceneScript.cpp">
      <Filter>Source Files</Filter>
    </ClCompile>
    <ClCompile Include="GUIEngine\GUIImage.cpp">
      <Filter>Source Files</Filter>
    </ClCompile>
    <ClCompile Include="AudioEngine\3DSound.cpp">
      <Filter>Source Files</Filter>
    </ClCompile>
  </ItemGroup>
  <ItemGroup>
    <ClInclude Include="GraphicsEngine\Actions.h">
      <Filter>Header Files</Filter>
    </ClInclude>
    <ClInclude Include="AudioEngine\AmbientSound.h">
      <Filter>Header Files</Filter>
    </ClInclude>
    <ClInclude Include="GraphicsEngine\animation.h">
      <Filter>Header Files</Filter>
    </ClInclude>
    <ClInclude Include="GraphicsEngine\AVI.H">
      <Filter>Header Files</Filter>
    </ClInclude>
    <ClInclude Include="GraphicsEngine\Base.h">
      <Filter>Header Files</Filter>
    </ClInclude>
    <ClInclude Include="GraphicsEngine\Bloom.h">
      <Filter>Header Files</Filter>
    </ClInclude>
    <ClInclude Include="GraphicsEngine\Camera.h">
      <Filter>Header Files</Filter>
    </ClInclude>
    <ClInclude Include="GraphicsEngine\Cg.h">
      <Filter>Header Files</Filter>
    </ClInclude>
    <ClInclude Include="GraphicsEngine\dds.h">
      <Filter>Header Files</Filter>
    </ClInclude>
    <ClInclude Include="Common\DecomposeMatrix.h">
      <Filter>Header Files</Filter>
    </ClInclude>
    <ClInclude Include="Common\Defines.h">
      <Filter>Header Files</Filter>
    </ClInclude>
    <ClInclude Include="GraphicsEngine\DOF.h">
      <Filter>Header Files</Filter>
    </ClInclude>
    <ClInclude Include="GraphicsEngine\dxtctool.h">
      <Filter>Header Files</Filter>
    </ClInclude>
    <ClInclude Include="GraphicsEngine\Effect.h">
      <Filter>Header Files</Filter>
    </ClInclude>
    <ClInclude Include="GraphicsEngine\Fog.h">
      <Filter>Header Files</Filter>
    </ClInclude>
    <ClInclude Include="GraphicsEngine\geometry.h">
      <Filter>Header Files</Filter>
    </ClInclude>
    <ClInclude Include="GraphicsEngine\Image.h">
      <Filter>Header Files</Filter>
    </ClInclude>
    <ClInclude Include="GraphicsEngine\imageLib.h">
      <Filter>Header Files</Filter>
    </ClInclude>
    <ClInclude Include="InputEngine\Input.h">
      <Filter>Header Files</Filter>
    </ClInclude>
    <ClInclude Include="GraphicsEngine\Light.h">
      <Filter>Header Files</Filter>
    </ClInclude>
    <ClInclude Include="GraphicsEngine\LightModel.h">
      <Filter>Header Files</Filter>
    </ClInclude>
    <ClInclude Include="Common\list.h">
      <Filter>Header Files</Filter>
    </ClInclude>
    <ClInclude Include="sceneManagerEngine\LOD.h">
      <Filter>Header Files</Filter>
    </ClInclude>
    <ClInclude Include="Main.h">
      <Filter>Header Files</Filter>
    </ClInclude>
    <ClInclude Include="GraphicsEngine\Material.h">
      <Filter>Header Files</Filter>
    </ClInclude>
    <ClInclude Include="GraphicsEngine\Matrix.h">
      <Filter>Header Files</Filter>
    </ClInclude>
    <ClInclude Include="Common\minizip.h">
      <Filter>Header Files</Filter>
    </ClInclude>
    <ClInclude Include="GraphicsEngine\Node.h">
      <Filter>Header Files</Filter>
    </ClInclude>
    <ClInclude Include="physXEngine\Nx.h">
      <Filter>Header Files</Filter>
    </ClInclude>
    <ClInclude Include="physXEngine\NxDebugRenderer.h">
      <Filter>Header Files</Filter>
    </ClInclude>
    <ClInclude Include="physXEngine\NXU_Asc2Bin.h">
      <Filter>Header Files</Filter>
    </ClInclude>
    <ClInclude Include="physXEngine\NXU_ColladaExport.h">
      <Filter>Header Files</Filter>
    </ClInclude>
    <ClInclude Include="physXEngine\NXU_ColladaImport.h">
      <Filter>Header Files</Filter>
    </ClInclude>
    <ClInclude Include="physXEngine\NXU_cooking.h">
      <Filter>Header Files</Filter>
    </ClInclude>
    <ClInclude Include="physXEngine\NXU_customcopy.h">
      <Filter>Header Files</Filter>
    </ClInclude>
    <ClInclude Include="physXEngine\NXU_File.h">
      <Filter>Header Files</Filter>
    </ClInclude>
    <ClInclude Include="physXEngine\NXU_Geometry.h">
      <Filter>Header Files</Filter>
    </ClInclude>
    <ClInclude Include="physXEngine\NXU_GraphicsMesh.h">
      <Filter>Header Files</Filter>
    </ClInclude>
    <ClInclude Include="physXEngine\NXU_helper.h">
      <Filter>Header Files</Filter>
    </ClInclude>
    <ClInclude Include="physXEngine\NXU_hull.h">
      <Filter>Header Files</Filter>
    </ClInclude>
    <ClInclude Include="physXEngine\NXU_PhysicsExport.h">
      <Filter>Header Files</Filter>
    </ClInclude>
    <ClInclude Include="physXEngine\NXU_PhysicsInstantiator.h">
      <Filter>Header Files</Filter>
    </ClInclude>
    <ClInclude Include="physXEngine\NXU_ScaledCopy.h">
      <Filter>Header Files</Filter>
    </ClInclude>
    <ClInclude Include="physXEngine\NXU_schema.h">
      <Filter>Header Files</Filter>
    </ClInclude>
    <ClInclude Include="physXEngine\NXU_SchemaStream.h">
      <Filter>Header Files</Filter>
    </ClInclude>
    <ClInclude Include="physXEngine\NXU_SchemaTypes.h">
      <Filter>Header Files</Filter>
    </ClInclude>
    <ClInclude Include="physXEngine\NXU_Streaming.h">
      <Filter>Header Files</Filter>
    </ClInclude>
    <ClInclude Include="physXEngine\NXU_string.h">
      <Filter>Header Files</Filter>
    </ClInclude>
    <ClInclude Include="physXEngine\NXU_tinystr.h">
      <Filter>Header Files</Filter>
    </ClInclude>
    <ClInclude Include="physXEngine\NXU_tinyxml.h">
      <Filter>Header Files</Filter>
    </ClInclude>
    <ClInclude Include="sceneManagerEngine\Octree.h">
      <Filter>Header Files</Filter>
    </ClInclude>
    <ClInclude Include="AudioEngine\OpenAL.h">
      <Filter>Header Files</Filter>
    </ClInclude>
    <ClInclude Include="AudioEngine\OpenALSoundBuffer.h">
      <Filter>Header Files</Filter>
    </ClInclude>
    <ClInclude Include="AudioEngine\OpenALSoundSource.h">
      <Filter>Header Files</Filter>
    </ClInclude>
    <ClInclude Include="AudioEngine\OpenALSystem.h">
      <Filter>Header Files</Filter>
    </ClInclude>
    <ClInclude Include="GraphicsEngine\OpenGL.h">
      <Filter>Header Files</Filter>
    </ClInclude>
    <ClInclude Include="GraphicsEngine\OpenGLMaterial.h">
      <Filter>Header Files</Filter>
    </ClInclude>
    <ClInclude Include="GraphicsEngine\OpenGLMatrix.h">
      <Filter>Header Files</Filter>
    </ClInclude>
    <ClInclude Include="GraphicsEngine\OpenGLUtility.h">
      <Filter>Header Files</Filter>
    </ClInclude>
    <ClInclude Include="GraphicsEngine\Orient.h">
      <Filter>Header Files</Filter>
    </ClInclude>
    <ClInclude Include="GraphicsEngine\pAPI.h">
      <Filter>Header Files</Filter>
    </ClInclude>
    <ClInclude Include="GraphicsEngine\Particle.h">
      <Filter>Header Files</Filter>
    </ClInclude>
    <ClInclude Include="GraphicsEngine\ParticleGroup.h">
      <Filter>Header Files</Filter>
    </ClInclude>
    <ClInclude Include="GraphicsEngine\ParticleSystem.h">
      <Filter>Header Files</Filter>
    </ClInclude>
    <ClInclude Include="GraphicsEngine\pDomain.h">
      <Filter>Header Files</Filter>
    </ClInclude>
    <ClInclude Include="GraphicsEngine\pError.h">
      <Filter>Header Files</Filter>
    </ClInclude>
    <ClInclude Include="GraphicsEngine\PInternalSourceState.h">
      <Filter>Header Files</Filter>
    </ClInclude>
    <ClInclude Include="GraphicsEngine\PInternalState.h">
      <Filter>Header Files</Filter>
    </ClInclude>
    <ClInclude Include="Common\Point.h">
      <Filter>Header Files</Filter>
    </ClInclude>
    <ClInclude Include="GraphicsEngine\pVec.h">
      <Filter>Header Files</Filter>
    </ClInclude>
    <ClInclude Include="GraphicsEngine\Render.h">
      <Filter>Header Files</Filter>
    </ClInclude>
    <ClInclude Include="Resource.h">
      <Filter>Header Files</Filter>
    </ClInclude>
    <ClInclude Include="GraphicsEngine\Scene.h">
      <Filter>Header Files</Filter>
    </ClInclude>
    <ClInclude Include="GraphicsEngine\ShadowMap.h">
      <Filter>Header Files</Filter>
    </ClInclude>
    <ClInclude Include="GraphicsEngine\SimpleFont.h">
      <Filter>Header Files</Filter>
    </ClInclude>
    <ClInclude Include="GraphicsEngine\skin.h">
      <Filter>Header Files</Filter>
    </ClInclude>
    <ClInclude Include="GraphicsEngine\Sky.h">
      <Filter>Header Files</Filter>
    </ClInclude>
    <ClInclude Include="stdafx.h">
      <Filter>Header Files</Filter>
    </ClInclude>
    <ClInclude Include="physXEngine\Stream.h">
      <Filter>Header Files</Filter>
    </ClInclude>
    <ClInclude Include="GraphicsEngine\targa.h">
      <Filter>Header Files</Filter>
    </ClInclude>
    <ClInclude Include="GraphicsEngine\Texture.h">
      <Filter>Header Files</Filter>
    </ClInclude>
    <ClInclude Include="TimerEngine\Timer.h">
      <Filter>Header Files</Filter>
    </ClInclude>
    <ClInclude Include="GraphicsEngine\Transform.h">
      <Filter>Header Files</Filter>
    </ClInclude>
    <ClInclude Include="physXEngine\UserAllocator.h">
      <Filter>Header Files</Filter>
    </ClInclude>
    <ClInclude Include="Common\Utility.h">
      <Filter>Header Files</Filter>
    </ClInclude>
    <ClInclude Include="VandaEngine1Win32.h">
      <Filter>Header Files</Filter>
    </ClInclude>
    <ClInclude Include="Common\Vector.h">
      <Filter>Header Files</Filter>
    </ClInclude>
    <ClInclude Include="GraphicsEngine\Water.h">
      <Filter>Header Files</Filter>
    </ClInclude>
    <ClInclude Include="GraphicsEngine\Window.h">
      <Filter>Header Files</Filter>
    </ClInclude>
    <ClInclude Include="Common\Prefab.h">
      <Filter>Header Files</Filter>
    </ClInclude>
    <ClInclude Include="physXEngine\Trigger.h">
      <Filter>Header Files</Filter>
    </ClInclude>
    <ClInclude Include="physXEngine\MainCharacter.h">
      <Filter>Header Files</Filter>
    </ClInclude>
    <ClInclude Include="GUIEngine\GUIButton.h">
      <Filter>Header Files</Filter>
    </ClInclude>
    <ClInclude Include="GUIEngine\GUIText.h">
      <Filter>Header Files</Filter>
    </ClInclude>
    <ClInclude Include="GUIEngine\GUI.h">
      <Filter>Header Files</Filter>
    </ClInclude>
    <ClInclude Include="ResourceFile.h">
      <Filter>Header Files</Filter>
    </ClInclude>
    <ClInclude Include="Icon.h">
      <Filter>Header Files</Filter>
    </ClInclude>
    <ClInclude Include="GraphicsEngine\CHeightClass.h">
      <Filter>Header Files</Filter>
    </ClInclude>
    <ClInclude Include="GraphicsEngine\CTerrainTexture.h">
      <Filter>Header Files</Filter>
    </ClInclude>
    <ClInclude Include="GraphicsEngine\CTerrainVBOCull.h">
      <Filter>Header Files</Filter>
    </ClInclude>
    <ClInclude Include="GraphicsEngine\terrain.h">
      <Filter>Header Files</Filter>
    </ClInclude>
    <ClInclude Include="ScriptEngine\LuaForCpp.h">
      <Filter>Header Files</Filter>
    </ClInclude>
    <ClInclude Include="Common\VSceneScript.h">
      <Filter>Header Files</Filter>
    </ClInclude>
    <ClInclude Include="GUIEngine\GUIImage.h">
      <Filter>Header Files</Filter>
    </ClInclude>
    <ClInclude Include="AudioEngine\3DSound.h">
      <Filter>Header Files</Filter>
    </ClInclude>
  </ItemGroup>
  <ItemGroup>
    <None Include="Logo_Init.bmp">
      <Filter>Resource Files</Filter>
    </None>
    <None Include="small.ico">
      <Filter>Resource Files</Filter>
    </None>
    <None Include="VandaEngine.ico">
      <Filter>Resource Files</Filter>
    </None>
    <None Include="ReadMe.txt" />
  </ItemGroup>
  <ItemGroup>
    <ResourceCompile Include="VandaEngine1.rc">
      <Filter>Resource Files</Filter>
    </ResourceCompile>
  </ItemGroup>
</Project>